// !$*UTF8*$!
{
	archiveVersion = 1;
	classes = {
	};
	objectVersion = 51;
	objects = {

/* Begin PBXBuildFile section */
		32218C16D4A72A493EE0A526 /* Pods_Mackirel.framework in Frameworks */ = {isa = PBXBuildFile; fileRef = 9C5D60DD7AA87C8E551E851D /* Pods_Mackirel.framework */; };
		BF5CD272537F3EA3BFCE70F5 /* Pods_Mackirel_MackirelUITests.framework in Frameworks */ = {isa = PBXBuildFile; fileRef = 077A6DCA302094582E565414 /* Pods_Mackirel_MackirelUITests.framework */; };
		D30173F7265AA9540040D2FB /* SearchSectionCell.xib in Resources */ = {isa = PBXBuildFile; fileRef = D30173F6265AA9540040D2FB /* SearchSectionCell.xib */; };
		D30173FE265BA3D90040D2FB /* Assets.xcassets in Resources */ = {isa = PBXBuildFile; fileRef = D30173FC265BA3D90040D2FB /* Assets.xcassets */; };
		D3084DE12655E7C500CDB793 /* AppDelegate.swift in Sources */ = {isa = PBXBuildFile; fileRef = D3084DE02655E7C500CDB793 /* AppDelegate.swift */; };
		D3084DE32655E7C500CDB793 /* SceneDelegate.swift in Sources */ = {isa = PBXBuildFile; fileRef = D3084DE22655E7C500CDB793 /* SceneDelegate.swift */; };
		D3084DE52655E7C500CDB793 /* ViewController.swift in Sources */ = {isa = PBXBuildFile; fileRef = D3084DE42655E7C500CDB793 /* ViewController.swift */; };
		D3084DE82655E7C500CDB793 /* Main.storyboard in Resources */ = {isa = PBXBuildFile; fileRef = D3084DE62655E7C500CDB793 /* Main.storyboard */; };
		D3084DEA2655E7CC00CDB793 /* Assets.xcassets in Resources */ = {isa = PBXBuildFile; fileRef = D3084DE92655E7CC00CDB793 /* Assets.xcassets */; };
		D3084DED2655E7CC00CDB793 /* LaunchScreen.storyboard in Resources */ = {isa = PBXBuildFile; fileRef = D3084DEB2655E7CC00CDB793 /* LaunchScreen.storyboard */; };
		D3084DF82655E7CD00CDB793 /* MackirelTests.swift in Sources */ = {isa = PBXBuildFile; fileRef = D3084DF72655E7CD00CDB793 /* MackirelTests.swift */; };
		D3084E032655E7CD00CDB793 /* MackirelUITests.swift in Sources */ = {isa = PBXBuildFile; fileRef = D3084E022655E7CD00CDB793 /* MackirelUITests.swift */; };
		D33941CC266B03010007F09F /* DBCart.swift in Sources */ = {isa = PBXBuildFile; fileRef = D33941CB266B03010007F09F /* DBCart.swift */; };
		D33941D4266B273D0007F09F /* CartModel.swift in Sources */ = {isa = PBXBuildFile; fileRef = D33941D3266B273D0007F09F /* CartModel.swift */; };
		D33941D9266B56470007F09F /* DBFav.swift in Sources */ = {isa = PBXBuildFile; fileRef = D33941D8266B56470007F09F /* DBFav.swift */; };
		D33941DE266BC6D00007F09F /* FavModel.swift in Sources */ = {isa = PBXBuildFile; fileRef = D33941DD266BC6D00007F09F /* FavModel.swift */; };
		D33941E4266CFEE30007F09F /* CartCell.swift in Sources */ = {isa = PBXBuildFile; fileRef = D33941E3266CFEE20007F09F /* CartCell.swift */; };
		D33941EC266CFFFA0007F09F /* CartCell.xib in Resources */ = {isa = PBXBuildFile; fileRef = D33941EB266CFFFA0007F09F /* CartCell.xib */; };
		D33941F2266E2A730007F09F /* ShippingAddressVC.swift in Sources */ = {isa = PBXBuildFile; fileRef = D33941F1266E2A720007F09F /* ShippingAddressVC.swift */; };
		D33941FA266E3F820007F09F /* CheckoutVC.swift in Sources */ = {isa = PBXBuildFile; fileRef = D33941F9266E3F810007F09F /* CheckoutVC.swift */; };
		D3394203266E4B120007F09F /* BalancelPaymentCell.swift in Sources */ = {isa = PBXBuildFile; fileRef = D3394202266E4B120007F09F /* BalancelPaymentCell.swift */; };
		D3394208266E4BF40007F09F /* OtherPaymentCell.swift in Sources */ = {isa = PBXBuildFile; fileRef = D3394207266E4BF30007F09F /* OtherPaymentCell.swift */; };
		D339420D266E4C300007F09F /* PaymentCell.xib in Resources */ = {isa = PBXBuildFile; fileRef = D339420C266E4C300007F09F /* PaymentCell.xib */; };
		D3394215266E74C60007F09F /* ShippingModel.swift in Sources */ = {isa = PBXBuildFile; fileRef = D3394214266E74C50007F09F /* ShippingModel.swift */; };
		D339421B267089990007F09F /* ChatVC.swift in Sources */ = {isa = PBXBuildFile; fileRef = D339421A267089980007F09F /* ChatVC.swift */; };
		D33942232670BC940007F09F /* CommentVC.swift in Sources */ = {isa = PBXBuildFile; fileRef = D33942222670BC940007F09F /* CommentVC.swift */; };
		D33942282670C5EF0007F09F /* MessageVC.swift in Sources */ = {isa = PBXBuildFile; fileRef = D33942272670C5EF0007F09F /* MessageVC.swift */; };
		D339422D2671E0C00007F09F /* SentOfferChat.swift in Sources */ = {isa = PBXBuildFile; fileRef = D339422C2671E0C00007F09F /* SentOfferChat.swift */; };
		D35B0B8C26572DD60075B00E /* ProductDetailVC.swift in Sources */ = {isa = PBXBuildFile; fileRef = D35B0B8B26572DD60075B00E /* ProductDetailVC.swift */; };
		D35B0B95265730270075B00E /* SimilarProductsTableCell.swift in Sources */ = {isa = PBXBuildFile; fileRef = D35B0B94265730270075B00E /* SimilarProductsTableCell.swift */; };
		D35B0B9B265732250075B00E /* ProductCell.swift in Sources */ = {isa = PBXBuildFile; fileRef = D35B0B9A265732250075B00E /* ProductCell.swift */; };
		D35B0BA0265733560075B00E /* ProductModel.swift in Sources */ = {isa = PBXBuildFile; fileRef = D35B0B9F265733560075B00E /* ProductModel.swift */; };
		D35B0BA52657343C0075B00E /* ProductImage.swift in Sources */ = {isa = PBXBuildFile; fileRef = D35B0BA42657343C0075B00E /* ProductImage.swift */; };
		D35B0BAA26573FFA0075B00E /* CatModel.swift in Sources */ = {isa = PBXBuildFile; fileRef = D35B0BA926573FFA0075B00E /* CatModel.swift */; };
		D35B0BB72657477D0075B00E /* ProductsTableCell.swift in Sources */ = {isa = PBXBuildFile; fileRef = D35B0BB62657477D0075B00E /* ProductsTableCell.swift */; };
		D35B0BC3265749AB0075B00E /* CatsTableCell.swift in Sources */ = {isa = PBXBuildFile; fileRef = D35B0BC2265749AB0075B00E /* CatsTableCell.swift */; };
		D35B0BC826574B2C0075B00E /* CatCell.swift in Sources */ = {isa = PBXBuildFile; fileRef = D35B0BC726574B2C0075B00E /* CatCell.swift */; };
		D35B0BCE26574DA10075B00E /* LocationSearch.swift in Sources */ = {isa = PBXBuildFile; fileRef = D35B0BCD26574DA10075B00E /* LocationSearch.swift */; };
		D35B0BD326574E020075B00E /* View.swift in Sources */ = {isa = PBXBuildFile; fileRef = D35B0BD226574E020075B00E /* View.swift */; };
		D35B0BD826574EA80075B00E /* ImageView.swift in Sources */ = {isa = PBXBuildFile; fileRef = D35B0BD726574EA80075B00E /* ImageView.swift */; };
		D35B0BDD265751DB0075B00E /* SearchVC.swift in Sources */ = {isa = PBXBuildFile; fileRef = D35B0BDC265751DB0075B00E /* SearchVC.swift */; };
		D35B0BE32657545C0075B00E /* SearchSectionCell.swift in Sources */ = {isa = PBXBuildFile; fileRef = D35B0BE22657545C0075B00E /* SearchSectionCell.swift */; };
		D35B0BE8265755F60075B00E /* FeaturedProductsTableCell.swift in Sources */ = {isa = PBXBuildFile; fileRef = D35B0BE7265755F60075B00E /* FeaturedProductsTableCell.swift */; };
		D35B0BED26583DFA0075B00E /* ProductCell.xib in Resources */ = {isa = PBXBuildFile; fileRef = D35B0BEC26583DFA0075B00E /* ProductCell.xib */; };
		D3A6E81A268F7395000848DF /* MyProductsVC.swift in Sources */ = {isa = PBXBuildFile; fileRef = D3A6E819268F7395000848DF /* MyProductsVC.swift */; };
		D3A6E81F268F7ACD000848DF /* ProductOrdersVC.swift in Sources */ = {isa = PBXBuildFile; fileRef = D3A6E81E268F7ACD000848DF /* ProductOrdersVC.swift */; };
		D3A6E824268F7AF1000848DF /* ProductOrdersHistoryVC.swift in Sources */ = {isa = PBXBuildFile; fileRef = D3A6E823268F7AF1000848DF /* ProductOrdersHistoryVC.swift */; };
		D3A6E8302690A619000848DF /* OrdersVC.swift in Sources */ = {isa = PBXBuildFile; fileRef = D3A6E82F2690A619000848DF /* OrdersVC.swift */; };
		D3A6E8382690A637000848DF /* OrdersHistoryVC.swift in Sources */ = {isa = PBXBuildFile; fileRef = D3A6E8372690A637000848DF /* OrdersHistoryVC.swift */; };
		D3A6E83D2690A64A000848DF /* BuyerPagerVC.swift in Sources */ = {isa = PBXBuildFile; fileRef = D3A6E83C2690A64A000848DF /* BuyerPagerVC.swift */; };
		D3BB0AED265BA98B00D8DF7E /* AdaptiveCollectionLayout.swift in Sources */ = {isa = PBXBuildFile; fileRef = D3BB0AEC265BA98B00D8DF7E /* AdaptiveCollectionLayout.swift */; };
		D3BB0AF2265BA9F000D8DF7E /* AdaptiveCollectionConfig.swift in Sources */ = {isa = PBXBuildFile; fileRef = D3BB0AF1265BA9F000D8DF7E /* AdaptiveCollectionConfig.swift */; };
		D3BB0B0426628B5000D8DF7E /* ProductInfoCell.swift in Sources */ = {isa = PBXBuildFile; fileRef = D3BB0B0326628B5000D8DF7E /* ProductInfoCell.swift */; };
		D3BB0B0C26628F0300D8DF7E /* ProductSummaryCell.swift in Sources */ = {isa = PBXBuildFile; fileRef = D3BB0B0B26628F0300D8DF7E /* ProductSummaryCell.swift */; };
		D3BB0B142662963400D8DF7E /* PredictionProductDetailVC.swift in Sources */ = {isa = PBXBuildFile; fileRef = D3BB0B132662963400D8DF7E /* PredictionProductDetailVC.swift */; };
		D3DF2C3F2665052A001812FE /* ImageSlideCell.swift in Sources */ = {isa = PBXBuildFile; fileRef = D3DF2C3E2665052A001812FE /* ImageSlideCell.swift */; };
		D3DF2C472665D583001812FE /* MapCell.swift in Sources */ = {isa = PBXBuildFile; fileRef = D3DF2C462665D582001812FE /* MapCell.swift */; };
		D3DF2C4D2665D8CD001812FE /* UploadImageCell.swift in Sources */ = {isa = PBXBuildFile; fileRef = D3DF2C4C2665D8CD001812FE /* UploadImageCell.swift */; };
		D3DF2C522665D905001812FE /* CollectionImageCell.swift in Sources */ = {isa = PBXBuildFile; fileRef = D3DF2C512665D905001812FE /* CollectionImageCell.swift */; };
		D3F3DEC62672523C0028140A /* AuctionModel.swift in Sources */ = {isa = PBXBuildFile; fileRef = D3F3DEC52672523C0028140A /* AuctionModel.swift */; };
		D3F3DECC26725AFE0028140A /* AuctionVC.swift in Sources */ = {isa = PBXBuildFile; fileRef = D3F3DECB26725AFE0028140A /* AuctionVC.swift */; };
		D3F3DED426725DB30028140A /* SimpleProductModel.swift in Sources */ = {isa = PBXBuildFile; fileRef = D3F3DED326725DB30028140A /* SimpleProductModel.swift */; };
		D3F3DED9267286570028140A /* AuctionDetailVC.swift in Sources */ = {isa = PBXBuildFile; fileRef = D3F3DED8267286570028140A /* AuctionDetailVC.swift */; };
		D3F3DEDF26728DB30028140A /* AuctionInfoCell.swift in Sources */ = {isa = PBXBuildFile; fileRef = D3F3DEDE26728DB30028140A /* AuctionInfoCell.swift */; };
		D3F3DEE726728E080028140A /* BidPriceCell.swift in Sources */ = {isa = PBXBuildFile; fileRef = D3F3DEE626728E080028140A /* BidPriceCell.swift */; };
		D3F3DEEC26728E4D0028140A /* AuctionTimerCell.swift in Sources */ = {isa = PBXBuildFile; fileRef = D3F3DEEB26728E4D0028140A /* AuctionTimerCell.swift */; };
		D3F3DEF126728F420028140A /* AuctionBidCell.swift in Sources */ = {isa = PBXBuildFile; fileRef = D3F3DEF026728F420028140A /* AuctionBidCell.swift */; };
		D3F3DEF626728FB50028140A /* AuctionInfoCell.xib in Resources */ = {isa = PBXBuildFile; fileRef = D3F3DEF526728FB50028140A /* AuctionInfoCell.xib */; };
		D3F3DEFB2673A7580028140A /* BidPriceCell.xib in Resources */ = {isa = PBXBuildFile; fileRef = D3F3DEFA2673A7580028140A /* BidPriceCell.xib */; };
		D3F3DF002673A7D00028140A /* AuctionTimerCell.xib in Resources */ = {isa = PBXBuildFile; fileRef = D3F3DEFF2673A7CF0028140A /* AuctionTimerCell.xib */; };
		D3F3DF052673A8540028140A /* AuctionBidCell.xib in Resources */ = {isa = PBXBuildFile; fileRef = D3F3DF042673A8540028140A /* AuctionBidCell.xib */; };
		D3F3DF372673B90B0028140A /* MyAuctionPagerVC.swift in Sources */ = {isa = PBXBuildFile; fileRef = D3F3DF362673B90A0028140A /* MyAuctionPagerVC.swift */; };
		D3F3DF3C2673BD530028140A /* MyPostAuctionVC.swift in Sources */ = {isa = PBXBuildFile; fileRef = D3F3DF3B2673BD520028140A /* MyPostAuctionVC.swift */; };
		D3F3DF412673BE630028140A /* MyBidAuctionVC.swift in Sources */ = {isa = PBXBuildFile; fileRef = D3F3DF402673BE630028140A /* MyBidAuctionVC.swift */; };
		D3F3DF462673BE9A0028140A /* MyWinAuctionVC.swift in Sources */ = {isa = PBXBuildFile; fileRef = D3F3DF452673BE9A0028140A /* MyWinAuctionVC.swift */; };
		D3F3DF4B2673C2990028140A /* AuctionItem.swift in Sources */ = {isa = PBXBuildFile; fileRef = D3F3DF4A2673C2990028140A /* AuctionItem.swift */; };
		D3F3DF502673D42E0028140A /* PostAuctionVC.swift in Sources */ = {isa = PBXBuildFile; fileRef = D3F3DF4F2673D42D0028140A /* PostAuctionVC.swift */; };
		D3F3DF5826774CFB0028140A /* CardVC.swift in Sources */ = {isa = PBXBuildFile; fileRef = D3F3DF5726774CFB0028140A /* CardVC.swift */; };
		D3F3DF5D26774E690028140A /* WithdrawVC.swift in Sources */ = {isa = PBXBuildFile; fileRef = D3F3DF5C26774E680028140A /* WithdrawVC.swift */; };
		D3F3DF6226775E1D0028140A /* CardModel.swift in Sources */ = {isa = PBXBuildFile; fileRef = D3F3DF6126775E1D0028140A /* CardModel.swift */; };
		D3F3DF68267761870028140A /* CardItem.swift in Sources */ = {isa = PBXBuildFile; fileRef = D3F3DF67267761870028140A /* CardItem.swift */; };
		D3F3DF6D2677623E0028140A /* CardItem.xib in Resources */ = {isa = PBXBuildFile; fileRef = D3F3DF6C2677623E0028140A /* CardItem.xib */; };
		D3F3DFA5267792D60028140A /* webVC.swift in Sources */ = {isa = PBXBuildFile; fileRef = D3F3DFA4267792D50028140A /* webVC.swift */; };
		D3F3DFAD2677939E0028140A /* webVC.xib in Resources */ = {isa = PBXBuildFile; fileRef = D3F3DFAC2677939D0028140A /* webVC.xib */; };
		D3F3DFB326798F4E0028140A /* MyProductItem.swift in Sources */ = {isa = PBXBuildFile; fileRef = D3F3DFB226798F4D0028140A /* MyProductItem.swift */; };
		D3F3DFB82679901A0028140A /* MyProductItem.xib in Resources */ = {isa = PBXBuildFile; fileRef = D3F3DFB72679901A0028140A /* MyProductItem.xib */; };
		D3F3DFC02679E0D90028140A /* SellerOrderItem.swift in Sources */ = {isa = PBXBuildFile; fileRef = D3F3DFBF2679E0D90028140A /* SellerOrderItem.swift */; };
		D3F3DFC52679E11E0028140A /* SellerOrderItem.xib in Resources */ = {isa = PBXBuildFile; fileRef = D3F3DFC42679E11E0028140A /* SellerOrderItem.xib */; };
		D3F3DFCA2679E1C80028140A /* SellerOrderProductItem.swift in Sources */ = {isa = PBXBuildFile; fileRef = D3F3DFC92679E1C80028140A /* SellerOrderProductItem.swift */; };
		D3F3DFCF2679EA8E0028140A /* SellerOrderProductItem.xib in Resources */ = {isa = PBXBuildFile; fileRef = D3F3DFCE2679EA8E0028140A /* SellerOrderProductItem.xib */; };
		D3F3DFD52679ED5E0028140A /* OrderItem.swift in Sources */ = {isa = PBXBuildFile; fileRef = D3F3DFD42679ED5E0028140A /* OrderItem.swift */; };
		D3F3DFDD2679EDAA0028140A /* OrderItem.xib in Resources */ = {isa = PBXBuildFile; fileRef = D3F3DFDC2679EDAA0028140A /* OrderItem.xib */; };
		D3F3DFE62679F3AB0028140A /* SellerPagerVC.swift in Sources */ = {isa = PBXBuildFile; fileRef = D3F3DFE52679F3AB0028140A /* SellerPagerVC.swift */; };
		D3F3DFF42679F57B0028140A /* OrderModel.swift in Sources */ = {isa = PBXBuildFile; fileRef = D3F3DFF32679F57B0028140A /* OrderModel.swift */; };
		D3F3DFF92679F7BA0028140A /* OrderProductModel.swift in Sources */ = {isa = PBXBuildFile; fileRef = D3F3DFF82679F7BA0028140A /* OrderProductModel.swift */; };
		D3FDBE922655EEA500923BA9 /* UserAuthModel.swift in Sources */ = {isa = PBXBuildFile; fileRef = D3FDBE912655EEA500923BA9 /* UserAuthModel.swift */; };
		D3FDBE972655EEFC00923BA9 /* SplashVC.swift in Sources */ = {isa = PBXBuildFile; fileRef = D3FDBE962655EEFC00923BA9 /* SplashVC.swift */; };
		D3FDBE9C2655EF9A00923BA9 /* HomeVC.swift in Sources */ = {isa = PBXBuildFile; fileRef = D3FDBE9B2655EF9A00923BA9 /* HomeVC.swift */; };
		D3FDBEA12655EFE700923BA9 /* LeftVC.swift in Sources */ = {isa = PBXBuildFile; fileRef = D3FDBEA02655EFE700923BA9 /* LeftVC.swift */; };
		D3FDBEA72655F0B700923BA9 /* Alert.swift in Sources */ = {isa = PBXBuildFile; fileRef = D3FDBEA62655F0B700923BA9 /* Alert.swift */; };
		D3FDBEAC2655F2D600923BA9 /* LoginVC.swift in Sources */ = {isa = PBXBuildFile; fileRef = D3FDBEAB2655F2D600923BA9 /* LoginVC.swift */; };
		D3FDBEDD2655F5B200923BA9 /* LeftMenuCell.swift in Sources */ = {isa = PBXBuildFile; fileRef = D3FDBEDC2655F5B200923BA9 /* LeftMenuCell.swift */; };
		D3FDBEE22656069500923BA9 /* StringValidate.swift in Sources */ = {isa = PBXBuildFile; fileRef = D3FDBEE12656069500923BA9 /* StringValidate.swift */; };
		D3FDBEE72656076400923BA9 /* URLImage.swift in Sources */ = {isa = PBXBuildFile; fileRef = D3FDBEE62656076400923BA9 /* URLImage.swift */; };
		D3FDBEEC2656079500923BA9 /* NumberFormatter.swift in Sources */ = {isa = PBXBuildFile; fileRef = D3FDBEEB2656079500923BA9 /* NumberFormatter.swift */; };
		D3FDBEF2265607F300923BA9 /* Constants.swift in Sources */ = {isa = PBXBuildFile; fileRef = D3FDBEF1265607F300923BA9 /* Constants.swift */; };
		D3FDBEF72656092900923BA9 /* Network.swift in Sources */ = {isa = PBXBuildFile; fileRef = D3FDBEF62656092900923BA9 /* Network.swift */; };
		D3FDBEFC265609AD00923BA9 /* NetworkHandler.swift in Sources */ = {isa = PBXBuildFile; fileRef = D3FDBEFB265609AD00923BA9 /* NetworkHandler.swift */; };
		D3FDBF0126560A0200923BA9 /* RequestHandler.swift in Sources */ = {isa = PBXBuildFile; fileRef = D3FDBF0026560A0200923BA9 /* RequestHandler.swift */; };
		D3FDBF072656923C00923BA9 /* RegisterVC.swift in Sources */ = {isa = PBXBuildFile; fileRef = D3FDBF062656923B00923BA9 /* RegisterVC.swift */; };
		D3FDBF0C2656933B00923BA9 /* Button.swift in Sources */ = {isa = PBXBuildFile; fileRef = D3FDBF0B2656933B00923BA9 /* Button.swift */; };
		D3FDBF112656939000923BA9 /* ChangePasswordVC.swift in Sources */ = {isa = PBXBuildFile; fileRef = D3FDBF102656939000923BA9 /* ChangePasswordVC.swift */; };
		D3FDBF16265694DE00923BA9 /* ForgotPasswordVC.swift in Sources */ = {isa = PBXBuildFile; fileRef = D3FDBF15265694DE00923BA9 /* ForgotPasswordVC.swift */; };
		D3FDBF1B265695DE00923BA9 /* ResetPasswordVC.swift in Sources */ = {isa = PBXBuildFile; fileRef = D3FDBF1A265695DE00923BA9 /* ResetPasswordVC.swift */; };
		D3FDBF20265696D900923BA9 /* ProfileVC.swift in Sources */ = {isa = PBXBuildFile; fileRef = D3FDBF1F265696D900923BA9 /* ProfileVC.swift */; };
		D3FDBF252656971E00923BA9 /* ProfileEditVC.swift in Sources */ = {isa = PBXBuildFile; fileRef = D3FDBF242656971E00923BA9 /* ProfileEditVC.swift */; };
		D3FDBF2A265697F500923BA9 /* UserModel.swift in Sources */ = {isa = PBXBuildFile; fileRef = D3FDBF29265697F500923BA9 /* UserModel.swift */; };
		D3FDBF2F2656984E00923BA9 /* UserProfileModel.swift in Sources */ = {isa = PBXBuildFile; fileRef = D3FDBF2E2656984E00923BA9 /* UserProfileModel.swift */; };
		D3FDBF342656BE9400923BA9 /* MainVC.swift in Sources */ = {isa = PBXBuildFile; fileRef = D3FDBF332656BE9400923BA9 /* MainVC.swift */; };
		D3FDBF392656C0B700923BA9 /* WishlistVC.swift in Sources */ = {isa = PBXBuildFile; fileRef = D3FDBF382656C0B700923BA9 /* WishlistVC.swift */; };
		D3FDBF3E2656C12F00923BA9 /* MyCartVC.swift in Sources */ = {isa = PBXBuildFile; fileRef = D3FDBF3D2656C12F00923BA9 /* MyCartVC.swift */; };
		D3FDBF432656C1A200923BA9 /* UploadImageVC.swift in Sources */ = {isa = PBXBuildFile; fileRef = D3FDBF422656C1A200923BA9 /* UploadImageVC.swift */; };
		D3FDBF482656C1E700923BA9 /* PostProductVC.swift in Sources */ = {isa = PBXBuildFile; fileRef = D3FDBF472656C1E700923BA9 /* PostProductVC.swift */; };
		D9A379406B1FFEFC15DD3140 /* Pods_MackirelTests.framework in Frameworks */ = {isa = PBXBuildFile; fileRef = 56502DE7ABFD09F3D1E4F44F /* Pods_MackirelTests.framework */; };
/* End PBXBuildFile section */

/* Begin PBXContainerItemProxy section */
		D3084DF42655E7CD00CDB793 /* PBXContainerItemProxy */ = {
			isa = PBXContainerItemProxy;
			containerPortal = D3084DD52655E7C500CDB793 /* Project object */;
			proxyType = 1;
			remoteGlobalIDString = D3084DDC2655E7C500CDB793;
			remoteInfo = Mackirel;
		};
		D3084DFF2655E7CD00CDB793 /* PBXContainerItemProxy */ = {
			isa = PBXContainerItemProxy;
			containerPortal = D3084DD52655E7C500CDB793 /* Project object */;
			proxyType = 1;
			remoteGlobalIDString = D3084DDC2655E7C500CDB793;
			remoteInfo = Mackirel;
		};
/* End PBXContainerItemProxy section */

/* Begin PBXFileReference section */
		077A6DCA302094582E565414 /* Pods_Mackirel_MackirelUITests.framework */ = {isa = PBXFileReference; explicitFileType = wrapper.framework; includeInIndex = 0; path = Pods_Mackirel_MackirelUITests.framework; sourceTree = BUILT_PRODUCTS_DIR; };
		1CAFF725BE252039BC539DA0 /* Pods-Mackirel.debug.xcconfig */ = {isa = PBXFileReference; includeInIndex = 1; lastKnownFileType = text.xcconfig; name = "Pods-Mackirel.debug.xcconfig"; path = "Target Support Files/Pods-Mackirel/Pods-Mackirel.debug.xcconfig"; sourceTree = "<group>"; };
		21469B10296E1E51AD2284F9 /* Pods-MackirelTests.release.xcconfig */ = {isa = PBXFileReference; includeInIndex = 1; lastKnownFileType = text.xcconfig; name = "Pods-MackirelTests.release.xcconfig"; path = "Target Support Files/Pods-MackirelTests/Pods-MackirelTests.release.xcconfig"; sourceTree = "<group>"; };
		56502DE7ABFD09F3D1E4F44F /* Pods_MackirelTests.framework */ = {isa = PBXFileReference; explicitFileType = wrapper.framework; includeInIndex = 0; path = Pods_MackirelTests.framework; sourceTree = BUILT_PRODUCTS_DIR; };
		6DF75B1A03B385630A847A74 /* Pods-Mackirel-MackirelUITests.release.xcconfig */ = {isa = PBXFileReference; includeInIndex = 1; lastKnownFileType = text.xcconfig; name = "Pods-Mackirel-MackirelUITests.release.xcconfig"; path = "Target Support Files/Pods-Mackirel-MackirelUITests/Pods-Mackirel-MackirelUITests.release.xcconfig"; sourceTree = "<group>"; };
		911A197370C22D3BE83FD6AE /* Pods-MackirelTests.debug.xcconfig */ = {isa = PBXFileReference; includeInIndex = 1; lastKnownFileType = text.xcconfig; name = "Pods-MackirelTests.debug.xcconfig"; path = "Target Support Files/Pods-MackirelTests/Pods-MackirelTests.debug.xcconfig"; sourceTree = "<group>"; };
		9C5D60DD7AA87C8E551E851D /* Pods_Mackirel.framework */ = {isa = PBXFileReference; explicitFileType = wrapper.framework; includeInIndex = 0; path = Pods_Mackirel.framework; sourceTree = BUILT_PRODUCTS_DIR; };
		9C65B361B4D758CF5FE7BEC1 /* Pods-Mackirel-MackirelUITests.debug.xcconfig */ = {isa = PBXFileReference; includeInIndex = 1; lastKnownFileType = text.xcconfig; name = "Pods-Mackirel-MackirelUITests.debug.xcconfig"; path = "Target Support Files/Pods-Mackirel-MackirelUITests/Pods-Mackirel-MackirelUITests.debug.xcconfig"; sourceTree = "<group>"; };
		D30173F6265AA9540040D2FB /* SearchSectionCell.xib */ = {isa = PBXFileReference; lastKnownFileType = file.xib; path = SearchSectionCell.xib; sourceTree = "<group>"; };
		D30173FC265BA3D90040D2FB /* Assets.xcassets */ = {isa = PBXFileReference; lastKnownFileType = folder.assetcatalog; path = Assets.xcassets; sourceTree = "<group>"; };
		D3084DDD2655E7C500CDB793 /* Mackirel.app */ = {isa = PBXFileReference; explicitFileType = wrapper.application; includeInIndex = 0; path = Mackirel.app; sourceTree = BUILT_PRODUCTS_DIR; };
		D3084DE02655E7C500CDB793 /* AppDelegate.swift */ = {isa = PBXFileReference; lastKnownFileType = sourcecode.swift; path = AppDelegate.swift; sourceTree = "<group>"; };
		D3084DE22655E7C500CDB793 /* SceneDelegate.swift */ = {isa = PBXFileReference; lastKnownFileType = sourcecode.swift; path = SceneDelegate.swift; sourceTree = "<group>"; };
		D3084DE42655E7C500CDB793 /* ViewController.swift */ = {isa = PBXFileReference; lastKnownFileType = sourcecode.swift; path = ViewController.swift; sourceTree = "<group>"; };
		D3084DE72655E7C500CDB793 /* Base */ = {isa = PBXFileReference; lastKnownFileType = file.storyboard; name = Base; path = Base.lproj/Main.storyboard; sourceTree = "<group>"; };
		D3084DE92655E7CC00CDB793 /* Assets.xcassets */ = {isa = PBXFileReference; lastKnownFileType = folder.assetcatalog; path = Assets.xcassets; sourceTree = "<group>"; };
		D3084DEC2655E7CC00CDB793 /* Base */ = {isa = PBXFileReference; lastKnownFileType = file.storyboard; name = Base; path = Base.lproj/LaunchScreen.storyboard; sourceTree = "<group>"; };
		D3084DEE2655E7CC00CDB793 /* Info.plist */ = {isa = PBXFileReference; lastKnownFileType = text.plist.xml; path = Info.plist; sourceTree = "<group>"; };
		D3084DF32655E7CD00CDB793 /* MackirelTests.xctest */ = {isa = PBXFileReference; explicitFileType = wrapper.cfbundle; includeInIndex = 0; path = MackirelTests.xctest; sourceTree = BUILT_PRODUCTS_DIR; };
		D3084DF72655E7CD00CDB793 /* MackirelTests.swift */ = {isa = PBXFileReference; lastKnownFileType = sourcecode.swift; path = MackirelTests.swift; sourceTree = "<group>"; };
		D3084DF92655E7CD00CDB793 /* Info.plist */ = {isa = PBXFileReference; lastKnownFileType = text.plist.xml; path = Info.plist; sourceTree = "<group>"; };
		D3084DFE2655E7CD00CDB793 /* MackirelUITests.xctest */ = {isa = PBXFileReference; explicitFileType = wrapper.cfbundle; includeInIndex = 0; path = MackirelUITests.xctest; sourceTree = BUILT_PRODUCTS_DIR; };
		D3084E022655E7CD00CDB793 /* MackirelUITests.swift */ = {isa = PBXFileReference; lastKnownFileType = sourcecode.swift; path = MackirelUITests.swift; sourceTree = "<group>"; };
		D3084E042655E7CD00CDB793 /* Info.plist */ = {isa = PBXFileReference; lastKnownFileType = text.plist.xml; path = Info.plist; sourceTree = "<group>"; };
		D33941CB266B03010007F09F /* DBCart.swift */ = {isa = PBXFileReference; lastKnownFileType = sourcecode.swift; path = DBCart.swift; sourceTree = "<group>"; };
		D33941D3266B273D0007F09F /* CartModel.swift */ = {isa = PBXFileReference; lastKnownFileType = sourcecode.swift; path = CartModel.swift; sourceTree = "<group>"; };
		D33941D8266B56470007F09F /* DBFav.swift */ = {isa = PBXFileReference; lastKnownFileType = sourcecode.swift; path = DBFav.swift; sourceTree = "<group>"; };
		D33941DD266BC6D00007F09F /* FavModel.swift */ = {isa = PBXFileReference; lastKnownFileType = sourcecode.swift; path = FavModel.swift; sourceTree = "<group>"; };
		D33941E3266CFEE20007F09F /* CartCell.swift */ = {isa = PBXFileReference; lastKnownFileType = sourcecode.swift; path = CartCell.swift; sourceTree = "<group>"; };
		D33941EB266CFFFA0007F09F /* CartCell.xib */ = {isa = PBXFileReference; lastKnownFileType = file.xib; path = CartCell.xib; sourceTree = "<group>"; };
		D33941F1266E2A720007F09F /* ShippingAddressVC.swift */ = {isa = PBXFileReference; lastKnownFileType = sourcecode.swift; path = ShippingAddressVC.swift; sourceTree = "<group>"; };
		D33941F9266E3F810007F09F /* CheckoutVC.swift */ = {isa = PBXFileReference; lastKnownFileType = sourcecode.swift; path = CheckoutVC.swift; sourceTree = "<group>"; };
		D3394202266E4B120007F09F /* BalancelPaymentCell.swift */ = {isa = PBXFileReference; lastKnownFileType = sourcecode.swift; path = BalancelPaymentCell.swift; sourceTree = "<group>"; };
		D3394207266E4BF30007F09F /* OtherPaymentCell.swift */ = {isa = PBXFileReference; lastKnownFileType = sourcecode.swift; path = OtherPaymentCell.swift; sourceTree = "<group>"; };
		D339420C266E4C300007F09F /* PaymentCell.xib */ = {isa = PBXFileReference; lastKnownFileType = file.xib; path = PaymentCell.xib; sourceTree = "<group>"; };
		D3394214266E74C50007F09F /* ShippingModel.swift */ = {isa = PBXFileReference; lastKnownFileType = sourcecode.swift; path = ShippingModel.swift; sourceTree = "<group>"; };
		D339421A267089980007F09F /* ChatVC.swift */ = {isa = PBXFileReference; lastKnownFileType = sourcecode.swift; path = ChatVC.swift; sourceTree = "<group>"; };
		D33942222670BC940007F09F /* CommentVC.swift */ = {isa = PBXFileReference; lastKnownFileType = sourcecode.swift; path = CommentVC.swift; sourceTree = "<group>"; };
		D33942272670C5EF0007F09F /* MessageVC.swift */ = {isa = PBXFileReference; lastKnownFileType = sourcecode.swift; path = MessageVC.swift; sourceTree = "<group>"; };
		D339422C2671E0C00007F09F /* SentOfferChat.swift */ = {isa = PBXFileReference; lastKnownFileType = sourcecode.swift; path = SentOfferChat.swift; sourceTree = "<group>"; };
		D35B0B8B26572DD60075B00E /* ProductDetailVC.swift */ = {isa = PBXFileReference; lastKnownFileType = sourcecode.swift; path = ProductDetailVC.swift; sourceTree = "<group>"; };
		D35B0B94265730270075B00E /* SimilarProductsTableCell.swift */ = {isa = PBXFileReference; lastKnownFileType = sourcecode.swift; path = SimilarProductsTableCell.swift; sourceTree = "<group>"; };
		D35B0B9A265732250075B00E /* ProductCell.swift */ = {isa = PBXFileReference; lastKnownFileType = sourcecode.swift; path = ProductCell.swift; sourceTree = "<group>"; };
		D35B0B9F265733560075B00E /* ProductModel.swift */ = {isa = PBXFileReference; lastKnownFileType = sourcecode.swift; path = ProductModel.swift; sourceTree = "<group>"; };
		D35B0BA42657343C0075B00E /* ProductImage.swift */ = {isa = PBXFileReference; lastKnownFileType = sourcecode.swift; path = ProductImage.swift; sourceTree = "<group>"; };
		D35B0BA926573FFA0075B00E /* CatModel.swift */ = {isa = PBXFileReference; lastKnownFileType = sourcecode.swift; path = CatModel.swift; sourceTree = "<group>"; };
		D35B0BB62657477D0075B00E /* ProductsTableCell.swift */ = {isa = PBXFileReference; lastKnownFileType = sourcecode.swift; path = ProductsTableCell.swift; sourceTree = "<group>"; };
		D35B0BC2265749AB0075B00E /* CatsTableCell.swift */ = {isa = PBXFileReference; lastKnownFileType = sourcecode.swift; path = CatsTableCell.swift; sourceTree = "<group>"; };
		D35B0BC726574B2C0075B00E /* CatCell.swift */ = {isa = PBXFileReference; lastKnownFileType = sourcecode.swift; path = CatCell.swift; sourceTree = "<group>"; };
		D35B0BCD26574DA10075B00E /* LocationSearch.swift */ = {isa = PBXFileReference; lastKnownFileType = sourcecode.swift; path = LocationSearch.swift; sourceTree = "<group>"; };
		D35B0BD226574E020075B00E /* View.swift */ = {isa = PBXFileReference; lastKnownFileType = sourcecode.swift; path = View.swift; sourceTree = "<group>"; };
		D35B0BD726574EA80075B00E /* ImageView.swift */ = {isa = PBXFileReference; lastKnownFileType = sourcecode.swift; path = ImageView.swift; sourceTree = "<group>"; };
		D35B0BDC265751DB0075B00E /* SearchVC.swift */ = {isa = PBXFileReference; lastKnownFileType = sourcecode.swift; path = SearchVC.swift; sourceTree = "<group>"; };
		D35B0BE22657545C0075B00E /* SearchSectionCell.swift */ = {isa = PBXFileReference; lastKnownFileType = sourcecode.swift; path = SearchSectionCell.swift; sourceTree = "<group>"; };
		D35B0BE7265755F60075B00E /* FeaturedProductsTableCell.swift */ = {isa = PBXFileReference; lastKnownFileType = sourcecode.swift; path = FeaturedProductsTableCell.swift; sourceTree = "<group>"; };
		D35B0BEC26583DFA0075B00E /* ProductCell.xib */ = {isa = PBXFileReference; lastKnownFileType = file.xib; path = ProductCell.xib; sourceTree = "<group>"; };
		D3A6E819268F7395000848DF /* MyProductsVC.swift */ = {isa = PBXFileReference; lastKnownFileType = sourcecode.swift; path = MyProductsVC.swift; sourceTree = "<group>"; };
		D3A6E81E268F7ACD000848DF /* ProductOrdersVC.swift */ = {isa = PBXFileReference; lastKnownFileType = sourcecode.swift; path = ProductOrdersVC.swift; sourceTree = "<group>"; };
		D3A6E823268F7AF1000848DF /* ProductOrdersHistoryVC.swift */ = {isa = PBXFileReference; lastKnownFileType = sourcecode.swift; path = ProductOrdersHistoryVC.swift; sourceTree = "<group>"; };
		D3A6E82F2690A619000848DF /* OrdersVC.swift */ = {isa = PBXFileReference; lastKnownFileType = sourcecode.swift; path = OrdersVC.swift; sourceTree = "<group>"; };
		D3A6E8372690A637000848DF /* OrdersHistoryVC.swift */ = {isa = PBXFileReference; lastKnownFileType = sourcecode.swift; path = OrdersHistoryVC.swift; sourceTree = "<group>"; };
		D3A6E83C2690A64A000848DF /* BuyerPagerVC.swift */ = {isa = PBXFileReference; lastKnownFileType = sourcecode.swift; path = BuyerPagerVC.swift; sourceTree = "<group>"; };
		D3BB0AEC265BA98B00D8DF7E /* AdaptiveCollectionLayout.swift */ = {isa = PBXFileReference; lastKnownFileType = sourcecode.swift; path = AdaptiveCollectionLayout.swift; sourceTree = "<group>"; };
		D3BB0AF1265BA9F000D8DF7E /* AdaptiveCollectionConfig.swift */ = {isa = PBXFileReference; lastKnownFileType = sourcecode.swift; path = AdaptiveCollectionConfig.swift; sourceTree = "<group>"; };
		D3BB0B0326628B5000D8DF7E /* ProductInfoCell.swift */ = {isa = PBXFileReference; lastKnownFileType = sourcecode.swift; path = ProductInfoCell.swift; sourceTree = "<group>"; };
		D3BB0B0B26628F0300D8DF7E /* ProductSummaryCell.swift */ = {isa = PBXFileReference; lastKnownFileType = sourcecode.swift; path = ProductSummaryCell.swift; sourceTree = "<group>"; };
		D3BB0B132662963400D8DF7E /* PredictionProductDetailVC.swift */ = {isa = PBXFileReference; lastKnownFileType = sourcecode.swift; path = PredictionProductDetailVC.swift; sourceTree = "<group>"; };
		D3DF2C3E2665052A001812FE /* ImageSlideCell.swift */ = {isa = PBXFileReference; lastKnownFileType = sourcecode.swift; path = ImageSlideCell.swift; sourceTree = "<group>"; };
		D3DF2C462665D582001812FE /* MapCell.swift */ = {isa = PBXFileReference; lastKnownFileType = sourcecode.swift; path = MapCell.swift; sourceTree = "<group>"; };
		D3DF2C4C2665D8CD001812FE /* UploadImageCell.swift */ = {isa = PBXFileReference; lastKnownFileType = sourcecode.swift; path = UploadImageCell.swift; sourceTree = "<group>"; };
		D3DF2C512665D905001812FE /* CollectionImageCell.swift */ = {isa = PBXFileReference; lastKnownFileType = sourcecode.swift; path = CollectionImageCell.swift; sourceTree = "<group>"; };
		D3F3DEC52672523C0028140A /* AuctionModel.swift */ = {isa = PBXFileReference; lastKnownFileType = sourcecode.swift; path = AuctionModel.swift; sourceTree = "<group>"; };
		D3F3DECB26725AFE0028140A /* AuctionVC.swift */ = {isa = PBXFileReference; lastKnownFileType = sourcecode.swift; path = AuctionVC.swift; sourceTree = "<group>"; };
		D3F3DED326725DB30028140A /* SimpleProductModel.swift */ = {isa = PBXFileReference; lastKnownFileType = sourcecode.swift; path = SimpleProductModel.swift; sourceTree = "<group>"; };
		D3F3DED8267286570028140A /* AuctionDetailVC.swift */ = {isa = PBXFileReference; lastKnownFileType = sourcecode.swift; path = AuctionDetailVC.swift; sourceTree = "<group>"; };
		D3F3DEDE26728DB30028140A /* AuctionInfoCell.swift */ = {isa = PBXFileReference; lastKnownFileType = sourcecode.swift; path = AuctionInfoCell.swift; sourceTree = "<group>"; };
		D3F3DEE626728E080028140A /* BidPriceCell.swift */ = {isa = PBXFileReference; lastKnownFileType = sourcecode.swift; path = BidPriceCell.swift; sourceTree = "<group>"; };
		D3F3DEEB26728E4D0028140A /* AuctionTimerCell.swift */ = {isa = PBXFileReference; lastKnownFileType = sourcecode.swift; path = AuctionTimerCell.swift; sourceTree = "<group>"; };
		D3F3DEF026728F420028140A /* AuctionBidCell.swift */ = {isa = PBXFileReference; lastKnownFileType = sourcecode.swift; path = AuctionBidCell.swift; sourceTree = "<group>"; };
		D3F3DEF526728FB50028140A /* AuctionInfoCell.xib */ = {isa = PBXFileReference; lastKnownFileType = file.xib; path = AuctionInfoCell.xib; sourceTree = "<group>"; };
		D3F3DEFA2673A7580028140A /* BidPriceCell.xib */ = {isa = PBXFileReference; lastKnownFileType = file.xib; path = BidPriceCell.xib; sourceTree = "<group>"; };
		D3F3DEFF2673A7CF0028140A /* AuctionTimerCell.xib */ = {isa = PBXFileReference; lastKnownFileType = file.xib; path = AuctionTimerCell.xib; sourceTree = "<group>"; };
		D3F3DF042673A8540028140A /* AuctionBidCell.xib */ = {isa = PBXFileReference; lastKnownFileType = file.xib; path = AuctionBidCell.xib; sourceTree = "<group>"; };
		D3F3DF362673B90A0028140A /* MyAuctionPagerVC.swift */ = {isa = PBXFileReference; lastKnownFileType = sourcecode.swift; path = MyAuctionPagerVC.swift; sourceTree = "<group>"; };
		D3F3DF3B2673BD520028140A /* MyPostAuctionVC.swift */ = {isa = PBXFileReference; lastKnownFileType = sourcecode.swift; path = MyPostAuctionVC.swift; sourceTree = "<group>"; };
		D3F3DF402673BE630028140A /* MyBidAuctionVC.swift */ = {isa = PBXFileReference; lastKnownFileType = sourcecode.swift; path = MyBidAuctionVC.swift; sourceTree = "<group>"; };
		D3F3DF452673BE9A0028140A /* MyWinAuctionVC.swift */ = {isa = PBXFileReference; lastKnownFileType = sourcecode.swift; path = MyWinAuctionVC.swift; sourceTree = "<group>"; };
		D3F3DF4A2673C2990028140A /* AuctionItem.swift */ = {isa = PBXFileReference; lastKnownFileType = sourcecode.swift; path = AuctionItem.swift; sourceTree = "<group>"; };
		D3F3DF4F2673D42D0028140A /* PostAuctionVC.swift */ = {isa = PBXFileReference; lastKnownFileType = sourcecode.swift; path = PostAuctionVC.swift; sourceTree = "<group>"; };
		D3F3DF5726774CFB0028140A /* CardVC.swift */ = {isa = PBXFileReference; lastKnownFileType = sourcecode.swift; path = CardVC.swift; sourceTree = "<group>"; };
		D3F3DF5C26774E680028140A /* WithdrawVC.swift */ = {isa = PBXFileReference; lastKnownFileType = sourcecode.swift; path = WithdrawVC.swift; sourceTree = "<group>"; };
		D3F3DF6126775E1D0028140A /* CardModel.swift */ = {isa = PBXFileReference; lastKnownFileType = sourcecode.swift; path = CardModel.swift; sourceTree = "<group>"; };
		D3F3DF67267761870028140A /* CardItem.swift */ = {isa = PBXFileReference; lastKnownFileType = sourcecode.swift; path = CardItem.swift; sourceTree = "<group>"; };
		D3F3DF6C2677623E0028140A /* CardItem.xib */ = {isa = PBXFileReference; lastKnownFileType = file.xib; path = CardItem.xib; sourceTree = "<group>"; };
		D3F3DFA4267792D50028140A /* webVC.swift */ = {isa = PBXFileReference; lastKnownFileType = sourcecode.swift; path = webVC.swift; sourceTree = "<group>"; };
		D3F3DFAC2677939D0028140A /* webVC.xib */ = {isa = PBXFileReference; lastKnownFileType = file.xib; path = webVC.xib; sourceTree = "<group>"; };
		D3F3DFB226798F4D0028140A /* MyProductItem.swift */ = {isa = PBXFileReference; lastKnownFileType = sourcecode.swift; path = MyProductItem.swift; sourceTree = "<group>"; };
		D3F3DFB72679901A0028140A /* MyProductItem.xib */ = {isa = PBXFileReference; lastKnownFileType = file.xib; path = MyProductItem.xib; sourceTree = "<group>"; };
		D3F3DFBF2679E0D90028140A /* SellerOrderItem.swift */ = {isa = PBXFileReference; lastKnownFileType = sourcecode.swift; path = SellerOrderItem.swift; sourceTree = "<group>"; };
		D3F3DFC42679E11E0028140A /* SellerOrderItem.xib */ = {isa = PBXFileReference; lastKnownFileType = file.xib; path = SellerOrderItem.xib; sourceTree = "<group>"; };
		D3F3DFC92679E1C80028140A /* SellerOrderProductItem.swift */ = {isa = PBXFileReference; lastKnownFileType = sourcecode.swift; path = SellerOrderProductItem.swift; sourceTree = "<group>"; };
		D3F3DFCE2679EA8E0028140A /* SellerOrderProductItem.xib */ = {isa = PBXFileReference; lastKnownFileType = file.xib; path = SellerOrderProductItem.xib; sourceTree = "<group>"; };
		D3F3DFD42679ED5E0028140A /* OrderItem.swift */ = {isa = PBXFileReference; lastKnownFileType = sourcecode.swift; path = OrderItem.swift; sourceTree = "<group>"; };
		D3F3DFDC2679EDAA0028140A /* OrderItem.xib */ = {isa = PBXFileReference; lastKnownFileType = file.xib; path = OrderItem.xib; sourceTree = "<group>"; };
		D3F3DFE52679F3AB0028140A /* SellerPagerVC.swift */ = {isa = PBXFileReference; lastKnownFileType = sourcecode.swift; path = SellerPagerVC.swift; sourceTree = "<group>"; };
		D3F3DFF32679F57B0028140A /* OrderModel.swift */ = {isa = PBXFileReference; lastKnownFileType = sourcecode.swift; path = OrderModel.swift; sourceTree = "<group>"; };
		D3F3DFF82679F7BA0028140A /* OrderProductModel.swift */ = {isa = PBXFileReference; lastKnownFileType = sourcecode.swift; path = OrderProductModel.swift; sourceTree = "<group>"; };
		D3FDBE912655EEA500923BA9 /* UserAuthModel.swift */ = {isa = PBXFileReference; lastKnownFileType = sourcecode.swift; path = UserAuthModel.swift; sourceTree = "<group>"; };
		D3FDBE962655EEFC00923BA9 /* SplashVC.swift */ = {isa = PBXFileReference; lastKnownFileType = sourcecode.swift; path = SplashVC.swift; sourceTree = "<group>"; };
		D3FDBE9B2655EF9A00923BA9 /* HomeVC.swift */ = {isa = PBXFileReference; lastKnownFileType = sourcecode.swift; path = HomeVC.swift; sourceTree = "<group>"; };
		D3FDBEA02655EFE700923BA9 /* LeftVC.swift */ = {isa = PBXFileReference; lastKnownFileType = sourcecode.swift; path = LeftVC.swift; sourceTree = "<group>"; };
		D3FDBEA62655F0B700923BA9 /* Alert.swift */ = {isa = PBXFileReference; lastKnownFileType = sourcecode.swift; path = Alert.swift; sourceTree = "<group>"; };
		D3FDBEAB2655F2D600923BA9 /* LoginVC.swift */ = {isa = PBXFileReference; lastKnownFileType = sourcecode.swift; path = LoginVC.swift; sourceTree = "<group>"; };
		D3FDBEDC2655F5B200923BA9 /* LeftMenuCell.swift */ = {isa = PBXFileReference; lastKnownFileType = sourcecode.swift; path = LeftMenuCell.swift; sourceTree = "<group>"; };
		D3FDBEE12656069500923BA9 /* StringValidate.swift */ = {isa = PBXFileReference; lastKnownFileType = sourcecode.swift; path = StringValidate.swift; sourceTree = "<group>"; };
		D3FDBEE62656076400923BA9 /* URLImage.swift */ = {isa = PBXFileReference; lastKnownFileType = sourcecode.swift; path = URLImage.swift; sourceTree = "<group>"; };
		D3FDBEEB2656079500923BA9 /* NumberFormatter.swift */ = {isa = PBXFileReference; lastKnownFileType = sourcecode.swift; path = NumberFormatter.swift; sourceTree = "<group>"; };
		D3FDBEF1265607F300923BA9 /* Constants.swift */ = {isa = PBXFileReference; lastKnownFileType = sourcecode.swift; path = Constants.swift; sourceTree = "<group>"; };
		D3FDBEF62656092900923BA9 /* Network.swift */ = {isa = PBXFileReference; lastKnownFileType = sourcecode.swift; path = Network.swift; sourceTree = "<group>"; };
		D3FDBEFB265609AD00923BA9 /* NetworkHandler.swift */ = {isa = PBXFileReference; lastKnownFileType = sourcecode.swift; path = NetworkHandler.swift; sourceTree = "<group>"; };
		D3FDBF0026560A0200923BA9 /* RequestHandler.swift */ = {isa = PBXFileReference; lastKnownFileType = sourcecode.swift; path = RequestHandler.swift; sourceTree = "<group>"; };
		D3FDBF062656923B00923BA9 /* RegisterVC.swift */ = {isa = PBXFileReference; lastKnownFileType = sourcecode.swift; path = RegisterVC.swift; sourceTree = "<group>"; };
		D3FDBF0B2656933B00923BA9 /* Button.swift */ = {isa = PBXFileReference; lastKnownFileType = sourcecode.swift; path = Button.swift; sourceTree = "<group>"; };
		D3FDBF102656939000923BA9 /* ChangePasswordVC.swift */ = {isa = PBXFileReference; lastKnownFileType = sourcecode.swift; path = ChangePasswordVC.swift; sourceTree = "<group>"; };
		D3FDBF15265694DE00923BA9 /* ForgotPasswordVC.swift */ = {isa = PBXFileReference; lastKnownFileType = sourcecode.swift; path = ForgotPasswordVC.swift; sourceTree = "<group>"; };
		D3FDBF1A265695DE00923BA9 /* ResetPasswordVC.swift */ = {isa = PBXFileReference; lastKnownFileType = sourcecode.swift; path = ResetPasswordVC.swift; sourceTree = "<group>"; };
		D3FDBF1F265696D900923BA9 /* ProfileVC.swift */ = {isa = PBXFileReference; lastKnownFileType = sourcecode.swift; path = ProfileVC.swift; sourceTree = "<group>"; };
		D3FDBF242656971E00923BA9 /* ProfileEditVC.swift */ = {isa = PBXFileReference; lastKnownFileType = sourcecode.swift; path = ProfileEditVC.swift; sourceTree = "<group>"; };
		D3FDBF29265697F500923BA9 /* UserModel.swift */ = {isa = PBXFileReference; lastKnownFileType = sourcecode.swift; path = UserModel.swift; sourceTree = "<group>"; };
		D3FDBF2E2656984E00923BA9 /* UserProfileModel.swift */ = {isa = PBXFileReference; lastKnownFileType = sourcecode.swift; path = UserProfileModel.swift; sourceTree = "<group>"; };
		D3FDBF332656BE9400923BA9 /* MainVC.swift */ = {isa = PBXFileReference; lastKnownFileType = sourcecode.swift; path = MainVC.swift; sourceTree = "<group>"; };
		D3FDBF382656C0B700923BA9 /* WishlistVC.swift */ = {isa = PBXFileReference; lastKnownFileType = sourcecode.swift; path = WishlistVC.swift; sourceTree = "<group>"; };
		D3FDBF3D2656C12F00923BA9 /* MyCartVC.swift */ = {isa = PBXFileReference; lastKnownFileType = sourcecode.swift; path = MyCartVC.swift; sourceTree = "<group>"; };
		D3FDBF422656C1A200923BA9 /* UploadImageVC.swift */ = {isa = PBXFileReference; lastKnownFileType = sourcecode.swift; path = UploadImageVC.swift; sourceTree = "<group>"; };
		D3FDBF472656C1E700923BA9 /* PostProductVC.swift */ = {isa = PBXFileReference; lastKnownFileType = sourcecode.swift; path = PostProductVC.swift; sourceTree = "<group>"; };
		FFD056C4449B247EC32FBDF2 /* Pods-Mackirel.release.xcconfig */ = {isa = PBXFileReference; includeInIndex = 1; lastKnownFileType = text.xcconfig; name = "Pods-Mackirel.release.xcconfig"; path = "Target Support Files/Pods-Mackirel/Pods-Mackirel.release.xcconfig"; sourceTree = "<group>"; };
/* End PBXFileReference section */

/* Begin PBXFrameworksBuildPhase section */
		D3084DDA2655E7C500CDB793 /* Frameworks */ = {
			isa = PBXFrameworksBuildPhase;
			buildActionMask = 2147483647;
			files = (
				32218C16D4A72A493EE0A526 /* Pods_Mackirel.framework in Frameworks */,
			);
			runOnlyForDeploymentPostprocessing = 0;
		};
		D3084DF02655E7CD00CDB793 /* Frameworks */ = {
			isa = PBXFrameworksBuildPhase;
			buildActionMask = 2147483647;
			files = (
				D9A379406B1FFEFC15DD3140 /* Pods_MackirelTests.framework in Frameworks */,
			);
			runOnlyForDeploymentPostprocessing = 0;
		};
		D3084DFB2655E7CD00CDB793 /* Frameworks */ = {
			isa = PBXFrameworksBuildPhase;
			buildActionMask = 2147483647;
			files = (
				BF5CD272537F3EA3BFCE70F5 /* Pods_Mackirel_MackirelUITests.framework in Frameworks */,
			);
			runOnlyForDeploymentPostprocessing = 0;
		};
/* End PBXFrameworksBuildPhase section */

/* Begin PBXGroup section */
		283CEA983DA5D0650C145F72 /* Pods */ = {
			isa = PBXGroup;
			children = (
				1CAFF725BE252039BC539DA0 /* Pods-Mackirel.debug.xcconfig */,
				FFD056C4449B247EC32FBDF2 /* Pods-Mackirel.release.xcconfig */,
				9C65B361B4D758CF5FE7BEC1 /* Pods-Mackirel-MackirelUITests.debug.xcconfig */,
				6DF75B1A03B385630A847A74 /* Pods-Mackirel-MackirelUITests.release.xcconfig */,
				911A197370C22D3BE83FD6AE /* Pods-MackirelTests.debug.xcconfig */,
				21469B10296E1E51AD2284F9 /* Pods-MackirelTests.release.xcconfig */,
			);
			path = Pods;
			sourceTree = "<group>";
		};
		C711DD1A3651798B90BDEC65 /* Frameworks */ = {
			isa = PBXGroup;
			children = (
				9C5D60DD7AA87C8E551E851D /* Pods_Mackirel.framework */,
				077A6DCA302094582E565414 /* Pods_Mackirel_MackirelUITests.framework */,
				56502DE7ABFD09F3D1E4F44F /* Pods_MackirelTests.framework */,
			);
			name = Frameworks;
			sourceTree = "<group>";
		};
		D3084DD42655E7C500CDB793 = {
			isa = PBXGroup;
			children = (
				D30173FC265BA3D90040D2FB /* Assets.xcassets */,
				D3084DDF2655E7C500CDB793 /* Mackirel */,
				D3084DF62655E7CD00CDB793 /* MackirelTests */,
				D3084E012655E7CD00CDB793 /* MackirelUITests */,
				D3084DDE2655E7C500CDB793 /* Products */,
				283CEA983DA5D0650C145F72 /* Pods */,
				C711DD1A3651798B90BDEC65 /* Frameworks */,
			);
			sourceTree = "<group>";
		};
		D3084DDE2655E7C500CDB793 /* Products */ = {
			isa = PBXGroup;
			children = (
				D3084DDD2655E7C500CDB793 /* Mackirel.app */,
				D3084DF32655E7CD00CDB793 /* MackirelTests.xctest */,
				D3084DFE2655E7CD00CDB793 /* MackirelUITests.xctest */,
			);
			name = Products;
			sourceTree = "<group>";
		};
		D3084DDF2655E7C500CDB793 /* Mackirel */ = {
			isa = PBXGroup;
			children = (
				D3F3DFA3267792850028140A /* webview */,
				D33941CA266B02EE0007F09F /* DB */,
				D3FDBEF0265607D300923BA9 /* Constants */,
				D3FDBEA52655F0A600923BA9 /* Helper */,
				D3FDBE902655EE5500923BA9 /* Components */,
				D3FDBE8F2655EE2F00923BA9 /* Network */,
				D3FDBE8E2655EE1D00923BA9 /* Models */,
				D3FDBE8D2655EDFC00923BA9 /* Controllers */,
				D3084DE02655E7C500CDB793 /* AppDelegate.swift */,
				D3084DE22655E7C500CDB793 /* SceneDelegate.swift */,
				D3084DE42655E7C500CDB793 /* ViewController.swift */,
				D3084DE62655E7C500CDB793 /* Main.storyboard */,
				D3084DE92655E7CC00CDB793 /* Assets.xcassets */,
				D3084DEB2655E7CC00CDB793 /* LaunchScreen.storyboard */,
				D3084DEE2655E7CC00CDB793 /* Info.plist */,
			);
			path = Mackirel;
			sourceTree = "<group>";
		};
		D3084DF62655E7CD00CDB793 /* MackirelTests */ = {
			isa = PBXGroup;
			children = (
				D3084DF72655E7CD00CDB793 /* MackirelTests.swift */,
				D3084DF92655E7CD00CDB793 /* Info.plist */,
			);
			path = MackirelTests;
			sourceTree = "<group>";
		};
		D3084E012655E7CD00CDB793 /* MackirelUITests */ = {
			isa = PBXGroup;
			children = (
				D3084E022655E7CD00CDB793 /* MackirelUITests.swift */,
				D3084E042655E7CD00CDB793 /* Info.plist */,
			);
			path = MackirelUITests;
			sourceTree = "<group>";
		};
		D33941CA266B02EE0007F09F /* DB */ = {
			isa = PBXGroup;
			children = (
				D33941CB266B03010007F09F /* DBCart.swift */,
				D33941D8266B56470007F09F /* DBFav.swift */,
			);
			path = DB;
			sourceTree = "<group>";
		};
		D33941E2266CFEA40007F09F /* Cart */ = {
			isa = PBXGroup;
			children = (
				D33941E3266CFEE20007F09F /* CartCell.swift */,
				D33941EB266CFFFA0007F09F /* CartCell.xib */,
			);
			path = Cart;
			sourceTree = "<group>";
		};
		D33941F0266E2A1F0007F09F /* Payments */ = {
			isa = PBXGroup;
			children = (
				D33941F1266E2A720007F09F /* ShippingAddressVC.swift */,
				D33941F9266E3F810007F09F /* CheckoutVC.swift */,
				D3F3DF5726774CFB0028140A /* CardVC.swift */,
				D3F3DF5C26774E680028140A /* WithdrawVC.swift */,
			);
			path = Payments;
			sourceTree = "<group>";
		};
		D33941FE266E4AE90007F09F /* Payment */ = {
			isa = PBXGroup;
			children = (
				D3394202266E4B120007F09F /* BalancelPaymentCell.swift */,
				D3394207266E4BF30007F09F /* OtherPaymentCell.swift */,
				D339420C266E4C300007F09F /* PaymentCell.xib */,
			);
			path = Payment;
			sourceTree = "<group>";
		};
		D33942192670895D0007F09F /* Chat */ = {
			isa = PBXGroup;
			children = (
				D339421A267089980007F09F /* ChatVC.swift */,
				D33942222670BC940007F09F /* CommentVC.swift */,
				D33942272670C5EF0007F09F /* MessageVC.swift */,
			);
			path = Chat;
			sourceTree = "<group>";
		};
		D35B0B8A26572DA90075B00E /* Products */ = {
			isa = PBXGroup;
			children = (
				D3FDBF472656C1E700923BA9 /* PostProductVC.swift */,
				D35B0BCC26574D870075B00E /* Search */,
				D35B0B8B26572DD60075B00E /* ProductDetailVC.swift */,
				D3BB0B132662963400D8DF7E /* PredictionProductDetailVC.swift */,
			);
			path = Products;
			sourceTree = "<group>";
		};
		D35B0B93265730040075B00E /* Products */ = {
			isa = PBXGroup;
			children = (
				D35B0B99265731560075B00E /* ProductCell */,
				D35B0BB62657477D0075B00E /* ProductsTableCell.swift */,
				D35B0BE7265755F60075B00E /* FeaturedProductsTableCell.swift */,
			);
			path = Products;
			sourceTree = "<group>";
		};
		D35B0B99265731560075B00E /* ProductCell */ = {
			isa = PBXGroup;
			children = (
				D35B0B9A265732250075B00E /* ProductCell.swift */,
				D35B0BEC26583DFA0075B00E /* ProductCell.xib */,
			);
			path = ProductCell;
			sourceTree = "<group>";
		};
		D35B0BC12657495C0075B00E /* Categories */ = {
			isa = PBXGroup;
			children = (
				D35B0BC2265749AB0075B00E /* CatsTableCell.swift */,
				D35B0BC726574B2C0075B00E /* CatCell.swift */,
			);
			path = Categories;
			sourceTree = "<group>";
		};
		D35B0BCC26574D870075B00E /* Search */ = {
			isa = PBXGroup;
			children = (
				D35B0BCD26574DA10075B00E /* LocationSearch.swift */,
				D35B0BDC265751DB0075B00E /* SearchVC.swift */,
			);
			path = Search;
			sourceTree = "<group>";
		};
		D35B0BE12657543D0075B00E /* Search */ = {
			isa = PBXGroup;
			children = (
				D35B0BE22657545C0075B00E /* SearchSectionCell.swift */,
				D30173F6265AA9540040D2FB /* SearchSectionCell.xib */,
			);
			path = Search;
			sourceTree = "<group>";
		};
		D3A6E82E2690A5BE000848DF /* Buyer */ = {
			isa = PBXGroup;
			children = (
				D3A6E82F2690A619000848DF /* OrdersVC.swift */,
				D3A6E8372690A637000848DF /* OrdersHistoryVC.swift */,
				D3A6E83C2690A64A000848DF /* BuyerPagerVC.swift */,
			);
			path = Buyer;
			sourceTree = "<group>";
		};
		D3BB0B0226628B0C00D8DF7E /* ProductDetail */ = {
			isa = PBXGroup;
			children = (
				D3BB0B0326628B5000D8DF7E /* ProductInfoCell.swift */,
				D3BB0B0B26628F0300D8DF7E /* ProductSummaryCell.swift */,
				D35B0B94265730270075B00E /* SimilarProductsTableCell.swift */,
				D3DF2C3E2665052A001812FE /* ImageSlideCell.swift */,
				D3DF2C462665D582001812FE /* MapCell.swift */,
			);
			path = ProductDetail;
			sourceTree = "<group>";
		};
		D3DF2C4B2665D894001812FE /* PostProduct */ = {
			isa = PBXGroup;
			children = (
				D3DF2C4C2665D8CD001812FE /* UploadImageCell.swift */,
				D3DF2C512665D905001812FE /* CollectionImageCell.swift */,
			);
			path = PostProduct;
			sourceTree = "<group>";
		};
		D3F3DECA26725AE10028140A /* Auctions */ = {
			isa = PBXGroup;
			children = (
				D3F3DECB26725AFE0028140A /* AuctionVC.swift */,
				D3F3DED8267286570028140A /* AuctionDetailVC.swift */,
				D3F3DF362673B90A0028140A /* MyAuctionPagerVC.swift */,
				D3F3DF3B2673BD520028140A /* MyPostAuctionVC.swift */,
				D3F3DF402673BE630028140A /* MyBidAuctionVC.swift */,
				D3F3DF452673BE9A0028140A /* MyWinAuctionVC.swift */,
				D3F3DF4F2673D42D0028140A /* PostAuctionVC.swift */,
			);
			path = Auctions;
			sourceTree = "<group>";
		};
		D3F3DEDD26728D820028140A /* Auction */ = {
			isa = PBXGroup;
			children = (
				D3F3DEDE26728DB30028140A /* AuctionInfoCell.swift */,
				D3F3DEE626728E080028140A /* BidPriceCell.swift */,
				D3F3DEEB26728E4D0028140A /* AuctionTimerCell.swift */,
				D3F3DEF026728F420028140A /* AuctionBidCell.swift */,
				D3F3DEF526728FB50028140A /* AuctionInfoCell.xib */,
				D3F3DEFA2673A7580028140A /* BidPriceCell.xib */,
				D3F3DEFF2673A7CF0028140A /* AuctionTimerCell.xib */,
				D3F3DF042673A8540028140A /* AuctionBidCell.xib */,
				D3F3DF4A2673C2990028140A /* AuctionItem.swift */,
			);
			path = Auction;
			sourceTree = "<group>";
		};
		D3F3DF66267761540028140A /* CardItem */ = {
			isa = PBXGroup;
			children = (
				D3F3DF67267761870028140A /* CardItem.swift */,
				D3F3DF6C2677623E0028140A /* CardItem.xib */,
			);
			path = CardItem;
			sourceTree = "<group>";
		};
		D3F3DFA3267792850028140A /* webview */ = {
			isa = PBXGroup;
			children = (
				D3F3DFA4267792D50028140A /* webVC.swift */,
				D3F3DFAC2677939D0028140A /* webVC.xib */,
			);
			path = webview;
			sourceTree = "<group>";
		};
		D3F3DFB126798EDA0028140A /* MyList */ = {
			isa = PBXGroup;
			children = (
				D3F3DFB226798F4D0028140A /* MyProductItem.swift */,
				D3F3DFB72679901A0028140A /* MyProductItem.xib */,
				D3F3DFBF2679E0D90028140A /* SellerOrderItem.swift */,
				D3F3DFC42679E11E0028140A /* SellerOrderItem.xib */,
				D3F3DFC92679E1C80028140A /* SellerOrderProductItem.swift */,
				D3F3DFCE2679EA8E0028140A /* SellerOrderProductItem.xib */,
			);
			path = MyList;
			sourceTree = "<group>";
		};
		D3F3DFD32679ED350028140A /* MyOrder */ = {
			isa = PBXGroup;
			children = (
				D3F3DFD42679ED5E0028140A /* OrderItem.swift */,
				D3F3DFDC2679EDAA0028140A /* OrderItem.xib */,
			);
			path = MyOrder;
			sourceTree = "<group>";
		};
		D3F3DFE12679F3790028140A /* Seller */ = {
			isa = PBXGroup;
			children = (
				D3F3DFE52679F3AB0028140A /* SellerPagerVC.swift */,
				D3A6E819268F7395000848DF /* MyProductsVC.swift */,
				D3A6E81E268F7ACD000848DF /* ProductOrdersVC.swift */,
				D3A6E823268F7AF1000848DF /* ProductOrdersHistoryVC.swift */,
			);
			path = Seller;
			sourceTree = "<group>";
		};
		D3FDBE8D2655EDFC00923BA9 /* Controllers */ = {
			isa = PBXGroup;
			children = (
				D3A6E82E2690A5BE000848DF /* Buyer */,
				D3F3DFE12679F3790028140A /* Seller */,
				D3F3DECA26725AE10028140A /* Auctions */,
				D33942192670895D0007F09F /* Chat */,
				D33941F0266E2A1F0007F09F /* Payments */,
				D35B0B8A26572DA90075B00E /* Products */,
				D3FDBF4F2656C21900923BA9 /* Main */,
				D3FDBF05265691FB00923BA9 /* Auth */,
				D3FDBE962655EEFC00923BA9 /* SplashVC.swift */,
				D3FDBEA02655EFE700923BA9 /* LeftVC.swift */,
			);
			path = Controllers;
			sourceTree = "<group>";
		};
		D3FDBE8E2655EE1D00923BA9 /* Models */ = {
			isa = PBXGroup;
			children = (
				D3FDBE912655EEA500923BA9 /* UserAuthModel.swift */,
				D3FDBF29265697F500923BA9 /* UserModel.swift */,
				D3FDBF2E2656984E00923BA9 /* UserProfileModel.swift */,
				D35B0B9F265733560075B00E /* ProductModel.swift */,
				D35B0BA42657343C0075B00E /* ProductImage.swift */,
				D35B0BA926573FFA0075B00E /* CatModel.swift */,
				D33941D3266B273D0007F09F /* CartModel.swift */,
				D33941DD266BC6D00007F09F /* FavModel.swift */,
				D3394214266E74C50007F09F /* ShippingModel.swift */,
				D339422C2671E0C00007F09F /* SentOfferChat.swift */,
				D3F3DEC52672523C0028140A /* AuctionModel.swift */,
				D3F3DED326725DB30028140A /* SimpleProductModel.swift */,
				D3F3DF6126775E1D0028140A /* CardModel.swift */,
				D3F3DFF32679F57B0028140A /* OrderModel.swift */,
				D3F3DFF82679F7BA0028140A /* OrderProductModel.swift */,
			);
			path = Models;
			sourceTree = "<group>";
		};
		D3FDBE8F2655EE2F00923BA9 /* Network */ = {
			isa = PBXGroup;
			children = (
				D3FDBEF62656092900923BA9 /* Network.swift */,
				D3FDBEFB265609AD00923BA9 /* NetworkHandler.swift */,
				D3FDBF0026560A0200923BA9 /* RequestHandler.swift */,
			);
			path = Network;
			sourceTree = "<group>";
		};
		D3FDBE902655EE5500923BA9 /* Components */ = {
			isa = PBXGroup;
			children = (
				D3F3DFD32679ED350028140A /* MyOrder */,
				D3F3DFB126798EDA0028140A /* MyList */,
				D3F3DF66267761540028140A /* CardItem */,
				D3F3DEDD26728D820028140A /* Auction */,
				D33941FE266E4AE90007F09F /* Payment */,
				D33941E2266CFEA40007F09F /* Cart */,
				D3DF2C4B2665D894001812FE /* PostProduct */,
				D3BB0B0226628B0C00D8DF7E /* ProductDetail */,
				D35B0BE12657543D0075B00E /* Search */,
				D35B0BC12657495C0075B00E /* Categories */,
				D35B0B93265730040075B00E /* Products */,
				D3FDBEDB2655F58900923BA9 /* LeftMenuCell */,
			);
			path = Components;
			sourceTree = "<group>";
		};
		D3FDBEA52655F0A600923BA9 /* Helper */ = {
			isa = PBXGroup;
			children = (
				D3FDBEA62655F0B700923BA9 /* Alert.swift */,
				D3FDBEE12656069500923BA9 /* StringValidate.swift */,
				D3FDBEE62656076400923BA9 /* URLImage.swift */,
				D3FDBEEB2656079500923BA9 /* NumberFormatter.swift */,
				D3FDBF0B2656933B00923BA9 /* Button.swift */,
				D35B0BD226574E020075B00E /* View.swift */,
				D35B0BD726574EA80075B00E /* ImageView.swift */,
				D3BB0AEC265BA98B00D8DF7E /* AdaptiveCollectionLayout.swift */,
				D3BB0AF1265BA9F000D8DF7E /* AdaptiveCollectionConfig.swift */,
			);
			path = Helper;
			sourceTree = "<group>";
		};
		D3FDBEDB2655F58900923BA9 /* LeftMenuCell */ = {
			isa = PBXGroup;
			children = (
				D3FDBEDC2655F5B200923BA9 /* LeftMenuCell.swift */,
			);
			path = LeftMenuCell;
			sourceTree = "<group>";
		};
		D3FDBEF0265607D300923BA9 /* Constants */ = {
			isa = PBXGroup;
			children = (
				D3FDBEF1265607F300923BA9 /* Constants.swift */,
			);
			path = Constants;
			sourceTree = "<group>";
		};
		D3FDBF05265691FB00923BA9 /* Auth */ = {
			isa = PBXGroup;
			children = (
				D3FDBF102656939000923BA9 /* ChangePasswordVC.swift */,
				D3FDBF15265694DE00923BA9 /* ForgotPasswordVC.swift */,
				D3FDBEAB2655F2D600923BA9 /* LoginVC.swift */,
				D3FDBF242656971E00923BA9 /* ProfileEditVC.swift */,
				D3FDBF1F265696D900923BA9 /* ProfileVC.swift */,
				D3FDBF062656923B00923BA9 /* RegisterVC.swift */,
				D3FDBF1A265695DE00923BA9 /* ResetPasswordVC.swift */,
			);
			path = Auth;
			sourceTree = "<group>";
		};
		D3FDBF4F2656C21900923BA9 /* Main */ = {
			isa = PBXGroup;
			children = (
				D3FDBE9B2655EF9A00923BA9 /* HomeVC.swift */,
				D3FDBF332656BE9400923BA9 /* MainVC.swift */,
				D3FDBF3D2656C12F00923BA9 /* MyCartVC.swift */,
				D3FDBF422656C1A200923BA9 /* UploadImageVC.swift */,
				D3FDBF382656C0B700923BA9 /* WishlistVC.swift */,
			);
			path = Main;
			sourceTree = "<group>";
		};
/* End PBXGroup section */

/* Begin PBXNativeTarget section */
		D3084DDC2655E7C500CDB793 /* Mackirel */ = {
			isa = PBXNativeTarget;
			buildConfigurationList = D3084E072655E7CD00CDB793 /* Build configuration list for PBXNativeTarget "Mackirel" */;
			buildPhases = (
				92E9762D20F451DDBF71F007 /* [CP] Check Pods Manifest.lock */,
				D3084DD92655E7C500CDB793 /* Sources */,
				D3084DDA2655E7C500CDB793 /* Frameworks */,
				D3084DDB2655E7C500CDB793 /* Resources */,
				90B7ED827BAA7B6ECA02D9CF /* [CP] Embed Pods Frameworks */,
				0A6A15182C7E85185381286A /* [CP] Copy Pods Resources */,
			);
			buildRules = (
			);
			dependencies = (
			);
			name = Mackirel;
			productName = Mackirel;
			productReference = D3084DDD2655E7C500CDB793 /* Mackirel.app */;
			productType = "com.apple.product-type.application";
		};
		D3084DF22655E7CD00CDB793 /* MackirelTests */ = {
			isa = PBXNativeTarget;
			buildConfigurationList = D3084E0A2655E7CD00CDB793 /* Build configuration list for PBXNativeTarget "MackirelTests" */;
			buildPhases = (
				4520313738BA2DCAFB47ABF6 /* [CP] Check Pods Manifest.lock */,
				D3084DEF2655E7CD00CDB793 /* Sources */,
				D3084DF02655E7CD00CDB793 /* Frameworks */,
				D3084DF12655E7CD00CDB793 /* Resources */,
			);
			buildRules = (
			);
			dependencies = (
				D3084DF52655E7CD00CDB793 /* PBXTargetDependency */,
			);
			name = MackirelTests;
			productName = MackirelTests;
			productReference = D3084DF32655E7CD00CDB793 /* MackirelTests.xctest */;
			productType = "com.apple.product-type.bundle.unit-test";
		};
		D3084DFD2655E7CD00CDB793 /* MackirelUITests */ = {
			isa = PBXNativeTarget;
			buildConfigurationList = D3084E0D2655E7CD00CDB793 /* Build configuration list for PBXNativeTarget "MackirelUITests" */;
			buildPhases = (
				64806444EA03867A5620F68B /* [CP] Check Pods Manifest.lock */,
				D3084DFA2655E7CD00CDB793 /* Sources */,
				D3084DFB2655E7CD00CDB793 /* Frameworks */,
				D3084DFC2655E7CD00CDB793 /* Resources */,
				F99CE56F87B55001CA5F5A51 /* [CP] Embed Pods Frameworks */,
				D9DF633AB94CE6A9172B10B5 /* [CP] Copy Pods Resources */,
			);
			buildRules = (
			);
			dependencies = (
				D3084E002655E7CD00CDB793 /* PBXTargetDependency */,
			);
			name = MackirelUITests;
			productName = MackirelUITests;
			productReference = D3084DFE2655E7CD00CDB793 /* MackirelUITests.xctest */;
			productType = "com.apple.product-type.bundle.ui-testing";
		};
/* End PBXNativeTarget section */

/* Begin PBXProject section */
		D3084DD52655E7C500CDB793 /* Project object */ = {
			isa = PBXProject;
			attributes = {
				LastSwiftUpdateCheck = 1240;
				LastUpgradeCheck = 1240;
				TargetAttributes = {
					D3084DDC2655E7C500CDB793 = {
						CreatedOnToolsVersion = 12.4;
					};
					D3084DF22655E7CD00CDB793 = {
						CreatedOnToolsVersion = 12.4;
						TestTargetID = D3084DDC2655E7C500CDB793;
					};
					D3084DFD2655E7CD00CDB793 = {
						CreatedOnToolsVersion = 12.4;
						TestTargetID = D3084DDC2655E7C500CDB793;
					};
				};
			};
			buildConfigurationList = D3084DD82655E7C500CDB793 /* Build configuration list for PBXProject "Mackirel" */;
			compatibilityVersion = "Xcode 9.3";
			developmentRegion = en;
			hasScannedForEncodings = 0;
			knownRegions = (
				en,
				Base,
			);
			mainGroup = D3084DD42655E7C500CDB793;
			productRefGroup = D3084DDE2655E7C500CDB793 /* Products */;
			projectDirPath = "";
			projectRoot = "";
			targets = (
				D3084DDC2655E7C500CDB793 /* Mackirel */,
				D3084DF22655E7CD00CDB793 /* MackirelTests */,
				D3084DFD2655E7CD00CDB793 /* MackirelUITests */,
			);
		};
/* End PBXProject section */

/* Begin PBXResourcesBuildPhase section */
		D3084DDB2655E7C500CDB793 /* Resources */ = {
			isa = PBXResourcesBuildPhase;
			buildActionMask = 2147483647;
			files = (
				D3084DED2655E7CC00CDB793 /* LaunchScreen.storyboard in Resources */,
				D3F3DFB82679901A0028140A /* MyProductItem.xib in Resources */,
				D3F3DF052673A8540028140A /* AuctionBidCell.xib in Resources */,
				D33941EC266CFFFA0007F09F /* CartCell.xib in Resources */,
				D35B0BED26583DFA0075B00E /* ProductCell.xib in Resources */,
				D3F3DEFB2673A7580028140A /* BidPriceCell.xib in Resources */,
				D3F3DFC52679E11E0028140A /* SellerOrderItem.xib in Resources */,
				D339420D266E4C300007F09F /* PaymentCell.xib in Resources */,
				D30173F7265AA9540040D2FB /* SearchSectionCell.xib in Resources */,
				D30173FE265BA3D90040D2FB /* Assets.xcassets in Resources */,
				D3084DEA2655E7CC00CDB793 /* Assets.xcassets in Resources */,
				D3F3DF6D2677623E0028140A /* CardItem.xib in Resources */,
				D3F3DFCF2679EA8E0028140A /* SellerOrderProductItem.xib in Resources */,
				D3084DE82655E7C500CDB793 /* Main.storyboard in Resources */,
				D3F3DF002673A7D00028140A /* AuctionTimerCell.xib in Resources */,
				D3F3DEF626728FB50028140A /* AuctionInfoCell.xib in Resources */,
				D3F3DFAD2677939E0028140A /* webVC.xib in Resources */,
				D3F3DFDD2679EDAA0028140A /* OrderItem.xib in Resources */,
			);
			runOnlyForDeploymentPostprocessing = 0;
		};
		D3084DF12655E7CD00CDB793 /* Resources */ = {
			isa = PBXResourcesBuildPhase;
			buildActionMask = 2147483647;
			files = (
			);
			runOnlyForDeploymentPostprocessing = 0;
		};
		D3084DFC2655E7CD00CDB793 /* Resources */ = {
			isa = PBXResourcesBuildPhase;
			buildActionMask = 2147483647;
			files = (
			);
			runOnlyForDeploymentPostprocessing = 0;
		};
/* End PBXResourcesBuildPhase section */

/* Begin PBXShellScriptBuildPhase section */
		0A6A15182C7E85185381286A /* [CP] Copy Pods Resources */ = {
			isa = PBXShellScriptBuildPhase;
			buildActionMask = 2147483647;
			files = (
			);
			inputFileListPaths = (
				"${PODS_ROOT}/Target Support Files/Pods-Mackirel/Pods-Mackirel-resources-${CONFIGURATION}-input-files.xcfilelist",
			);
			name = "[CP] Copy Pods Resources";
			outputFileListPaths = (
				"${PODS_ROOT}/Target Support Files/Pods-Mackirel/Pods-Mackirel-resources-${CONFIGURATION}-output-files.xcfilelist",
			);
			runOnlyForDeploymentPostprocessing = 0;
			shellPath = /bin/sh;
			shellScript = "\"${PODS_ROOT}/Target Support Files/Pods-Mackirel/Pods-Mackirel-resources.sh\"\n";
			showEnvVarsInLog = 0;
		};
		4520313738BA2DCAFB47ABF6 /* [CP] Check Pods Manifest.lock */ = {
			isa = PBXShellScriptBuildPhase;
			buildActionMask = 2147483647;
			files = (
			);
			inputFileListPaths = (
			);
			inputPaths = (
				"${PODS_PODFILE_DIR_PATH}/Podfile.lock",
				"${PODS_ROOT}/Manifest.lock",
			);
			name = "[CP] Check Pods Manifest.lock";
			outputFileListPaths = (
			);
			outputPaths = (
				"$(DERIVED_FILE_DIR)/Pods-MackirelTests-checkManifestLockResult.txt",
			);
			runOnlyForDeploymentPostprocessing = 0;
			shellPath = /bin/sh;
			shellScript = "diff \"${PODS_PODFILE_DIR_PATH}/Podfile.lock\" \"${PODS_ROOT}/Manifest.lock\" > /dev/null\nif [ $? != 0 ] ; then\n    # print error to STDERR\n    echo \"error: The sandbox is not in sync with the Podfile.lock. Run 'pod install' or update your CocoaPods installation.\" >&2\n    exit 1\nfi\n# This output is used by Xcode 'outputs' to avoid re-running this script phase.\necho \"SUCCESS\" > \"${SCRIPT_OUTPUT_FILE_0}\"\n";
			showEnvVarsInLog = 0;
		};
		64806444EA03867A5620F68B /* [CP] Check Pods Manifest.lock */ = {
			isa = PBXShellScriptBuildPhase;
			buildActionMask = 2147483647;
			files = (
			);
			inputFileListPaths = (
			);
			inputPaths = (
				"${PODS_PODFILE_DIR_PATH}/Podfile.lock",
				"${PODS_ROOT}/Manifest.lock",
			);
			name = "[CP] Check Pods Manifest.lock";
			outputFileListPaths = (
			);
			outputPaths = (
				"$(DERIVED_FILE_DIR)/Pods-Mackirel-MackirelUITests-checkManifestLockResult.txt",
			);
			runOnlyForDeploymentPostprocessing = 0;
			shellPath = /bin/sh;
			shellScript = "diff \"${PODS_PODFILE_DIR_PATH}/Podfile.lock\" \"${PODS_ROOT}/Manifest.lock\" > /dev/null\nif [ $? != 0 ] ; then\n    # print error to STDERR\n    echo \"error: The sandbox is not in sync with the Podfile.lock. Run 'pod install' or update your CocoaPods installation.\" >&2\n    exit 1\nfi\n# This output is used by Xcode 'outputs' to avoid re-running this script phase.\necho \"SUCCESS\" > \"${SCRIPT_OUTPUT_FILE_0}\"\n";
			showEnvVarsInLog = 0;
		};
		90B7ED827BAA7B6ECA02D9CF /* [CP] Embed Pods Frameworks */ = {
			isa = PBXShellScriptBuildPhase;
			buildActionMask = 2147483647;
			files = (
			);
			inputFileListPaths = (
				"${PODS_ROOT}/Target Support Files/Pods-Mackirel/Pods-Mackirel-frameworks-${CONFIGURATION}-input-files.xcfilelist",
			);
			name = "[CP] Embed Pods Frameworks";
			outputFileListPaths = (
				"${PODS_ROOT}/Target Support Files/Pods-Mackirel/Pods-Mackirel-frameworks-${CONFIGURATION}-output-files.xcfilelist",
			);
			runOnlyForDeploymentPostprocessing = 0;
			shellPath = /bin/sh;
			shellScript = "\"${PODS_ROOT}/Target Support Files/Pods-Mackirel/Pods-Mackirel-frameworks.sh\"\n";
			showEnvVarsInLog = 0;
		};
		92E9762D20F451DDBF71F007 /* [CP] Check Pods Manifest.lock */ = {
			isa = PBXShellScriptBuildPhase;
			buildActionMask = 2147483647;
			files = (
			);
			inputFileListPaths = (
			);
			inputPaths = (
				"${PODS_PODFILE_DIR_PATH}/Podfile.lock",
				"${PODS_ROOT}/Manifest.lock",
			);
			name = "[CP] Check Pods Manifest.lock";
			outputFileListPaths = (
			);
			outputPaths = (
				"$(DERIVED_FILE_DIR)/Pods-Mackirel-checkManifestLockResult.txt",
			);
			runOnlyForDeploymentPostprocessing = 0;
			shellPath = /bin/sh;
			shellScript = "diff \"${PODS_PODFILE_DIR_PATH}/Podfile.lock\" \"${PODS_ROOT}/Manifest.lock\" > /dev/null\nif [ $? != 0 ] ; then\n    # print error to STDERR\n    echo \"error: The sandbox is not in sync with the Podfile.lock. Run 'pod install' or update your CocoaPods installation.\" >&2\n    exit 1\nfi\n# This output is used by Xcode 'outputs' to avoid re-running this script phase.\necho \"SUCCESS\" > \"${SCRIPT_OUTPUT_FILE_0}\"\n";
			showEnvVarsInLog = 0;
		};
		D9DF633AB94CE6A9172B10B5 /* [CP] Copy Pods Resources */ = {
			isa = PBXShellScriptBuildPhase;
			buildActionMask = 2147483647;
			files = (
			);
			inputFileListPaths = (
				"${PODS_ROOT}/Target Support Files/Pods-Mackirel-MackirelUITests/Pods-Mackirel-MackirelUITests-resources-${CONFIGURATION}-input-files.xcfilelist",
			);
			name = "[CP] Copy Pods Resources";
			outputFileListPaths = (
				"${PODS_ROOT}/Target Support Files/Pods-Mackirel-MackirelUITests/Pods-Mackirel-MackirelUITests-resources-${CONFIGURATION}-output-files.xcfilelist",
			);
			runOnlyForDeploymentPostprocessing = 0;
			shellPath = /bin/sh;
			shellScript = "\"${PODS_ROOT}/Target Support Files/Pods-Mackirel-MackirelUITests/Pods-Mackirel-MackirelUITests-resources.sh\"\n";
			showEnvVarsInLog = 0;
		};
		F99CE56F87B55001CA5F5A51 /* [CP] Embed Pods Frameworks */ = {
			isa = PBXShellScriptBuildPhase;
			buildActionMask = 2147483647;
			files = (
			);
			inputFileListPaths = (
				"${PODS_ROOT}/Target Support Files/Pods-Mackirel-MackirelUITests/Pods-Mackirel-MackirelUITests-frameworks-${CONFIGURATION}-input-files.xcfilelist",
			);
			name = "[CP] Embed Pods Frameworks";
			outputFileListPaths = (
				"${PODS_ROOT}/Target Support Files/Pods-Mackirel-MackirelUITests/Pods-Mackirel-MackirelUITests-frameworks-${CONFIGURATION}-output-files.xcfilelist",
			);
			runOnlyForDeploymentPostprocessing = 0;
			shellPath = /bin/sh;
			shellScript = "\"${PODS_ROOT}/Target Support Files/Pods-Mackirel-MackirelUITests/Pods-Mackirel-MackirelUITests-frameworks.sh\"\n";
			showEnvVarsInLog = 0;
		};
/* End PBXShellScriptBuildPhase section */

/* Begin PBXSourcesBuildPhase section */
		D3084DD92655E7C500CDB793 /* Sources */ = {
			isa = PBXSourcesBuildPhase;
			buildActionMask = 2147483647;
			files = (
				D3F3DF412673BE630028140A /* MyBidAuctionVC.swift in Sources */,
				D3F3DFE62679F3AB0028140A /* SellerPagerVC.swift in Sources */,
				D3FDBE922655EEA500923BA9 /* UserAuthModel.swift in Sources */,
				D3F3DEDF26728DB30028140A /* AuctionInfoCell.swift in Sources */,
				D35B0BCE26574DA10075B00E /* LocationSearch.swift in Sources */,
				D3FDBF20265696D900923BA9 /* ProfileVC.swift in Sources */,
				D3FDBE972655EEFC00923BA9 /* SplashVC.swift in Sources */,
				D3FDBF432656C1A200923BA9 /* UploadImageVC.swift in Sources */,
				D3A6E83D2690A64A000848DF /* BuyerPagerVC.swift in Sources */,
				D3F3DF6226775E1D0028140A /* CardModel.swift in Sources */,
				D3FDBEA12655EFE700923BA9 /* LeftVC.swift in Sources */,
				D3FDBF342656BE9400923BA9 /* MainVC.swift in Sources */,
				D3084DE52655E7C500CDB793 /* ViewController.swift in Sources */,
				D3FDBE9C2655EF9A00923BA9 /* HomeVC.swift in Sources */,
				D33941D4266B273D0007F09F /* CartModel.swift in Sources */,
				D3F3DFD52679ED5E0028140A /* OrderItem.swift in Sources */,
				D3BB0AF2265BA9F000D8DF7E /* AdaptiveCollectionConfig.swift in Sources */,
				D3FDBF2F2656984E00923BA9 /* UserProfileModel.swift in Sources */,
				D3F3DFF42679F57B0028140A /* OrderModel.swift in Sources */,
				D3FDBF0C2656933B00923BA9 /* Button.swift in Sources */,
				D3A6E8302690A619000848DF /* OrdersVC.swift in Sources */,
				D3F3DECC26725AFE0028140A /* AuctionVC.swift in Sources */,
				D3FDBEF72656092900923BA9 /* Network.swift in Sources */,
				D35B0BDD265751DB0075B00E /* SearchVC.swift in Sources */,
				D3F3DF5826774CFB0028140A /* CardVC.swift in Sources */,
				D3FDBF2A265697F500923BA9 /* UserModel.swift in Sources */,
				D3F3DFCA2679E1C80028140A /* SellerOrderProductItem.swift in Sources */,
				D35B0B95265730270075B00E /* SimilarProductsTableCell.swift in Sources */,
				D3394208266E4BF40007F09F /* OtherPaymentCell.swift in Sources */,
				D35B0BD826574EA80075B00E /* ImageView.swift in Sources */,
				D3394215266E74C60007F09F /* ShippingModel.swift in Sources */,
				D3A6E8382690A637000848DF /* OrdersHistoryVC.swift in Sources */,
				D35B0BE8265755F60075B00E /* FeaturedProductsTableCell.swift in Sources */,
				D3F3DF5D26774E690028140A /* WithdrawVC.swift in Sources */,
				D3F3DF4B2673C2990028140A /* AuctionItem.swift in Sources */,
				D339422D2671E0C00007F09F /* SentOfferChat.swift in Sources */,
				D3F3DF68267761870028140A /* CardItem.swift in Sources */,
				D3F3DED426725DB30028140A /* SimpleProductModel.swift in Sources */,
				D33941FA266E3F820007F09F /* CheckoutVC.swift in Sources */,
				D3FDBF3E2656C12F00923BA9 /* MyCartVC.swift in Sources */,
				D3FDBF112656939000923BA9 /* ChangePasswordVC.swift in Sources */,
				D3DF2C3F2665052A001812FE /* ImageSlideCell.swift in Sources */,
				D3DF2C522665D905001812FE /* CollectionImageCell.swift in Sources */,
				D3F3DF462673BE9A0028140A /* MyWinAuctionVC.swift in Sources */,
				D3F3DFA5267792D60028140A /* webVC.swift in Sources */,
				D3FDBF16265694DE00923BA9 /* ForgotPasswordVC.swift in Sources */,
				D3A6E824268F7AF1000848DF /* ProductOrdersHistoryVC.swift in Sources */,
				D35B0BC826574B2C0075B00E /* CatCell.swift in Sources */,
				D339421B267089990007F09F /* ChatVC.swift in Sources */,
				D3394203266E4B120007F09F /* BalancelPaymentCell.swift in Sources */,
				D3BB0B0C26628F0300D8DF7E /* ProductSummaryCell.swift in Sources */,
				D3FDBEAC2655F2D600923BA9 /* LoginVC.swift in Sources */,
				D3DF2C472665D583001812FE /* MapCell.swift in Sources */,
				D3BB0B0426628B5000D8DF7E /* ProductInfoCell.swift in Sources */,
				D35B0BA52657343C0075B00E /* ProductImage.swift in Sources */,
				D3A6E81A268F7395000848DF /* MyProductsVC.swift in Sources */,
				D3FDBEFC265609AD00923BA9 /* NetworkHandler.swift in Sources */,
				D33941E4266CFEE30007F09F /* CartCell.swift in Sources */,
				D3F3DEEC26728E4D0028140A /* AuctionTimerCell.swift in Sources */,
				D35B0BAA26573FFA0075B00E /* CatModel.swift in Sources */,
				D33941F2266E2A730007F09F /* ShippingAddressVC.swift in Sources */,
				D3F3DEE726728E080028140A /* BidPriceCell.swift in Sources */,
				D3F3DF502673D42E0028140A /* PostAuctionVC.swift in Sources */,
				D3084DE12655E7C500CDB793 /* AppDelegate.swift in Sources */,
				D35B0BA0265733560075B00E /* ProductModel.swift in Sources */,
				D3FDBEE72656076400923BA9 /* URLImage.swift in Sources */,
				D3F3DFB326798F4E0028140A /* MyProductItem.swift in Sources */,
				D3FDBF252656971E00923BA9 /* ProfileEditVC.swift in Sources */,
				D3F3DFF92679F7BA0028140A /* OrderProductModel.swift in Sources */,
				D3BB0B142662963400D8DF7E /* PredictionProductDetailVC.swift in Sources */,
				D3A6E81F268F7ACD000848DF /* ProductOrdersVC.swift in Sources */,
				D35B0BD326574E020075B00E /* View.swift in Sources */,
				D35B0BB72657477D0075B00E /* ProductsTableCell.swift in Sources */,
				D3F3DF372673B90B0028140A /* MyAuctionPagerVC.swift in Sources */,
				D33941D9266B56470007F09F /* DBFav.swift in Sources */,
				D3FDBEDD2655F5B200923BA9 /* LeftMenuCell.swift in Sources */,
				D3F3DEC62672523C0028140A /* AuctionModel.swift in Sources */,
				D3DF2C4D2665D8CD001812FE /* UploadImageCell.swift in Sources */,
				D35B0BC3265749AB0075B00E /* CatsTableCell.swift in Sources */,
				D3F3DF3C2673BD530028140A /* MyPostAuctionVC.swift in Sources */,
				D3FDBF482656C1E700923BA9 /* PostProductVC.swift in Sources */,
				D3FDBEA72655F0B700923BA9 /* Alert.swift in Sources */,
				D3F3DEF126728F420028140A /* AuctionBidCell.swift in Sources */,
				D33941DE266BC6D00007F09F /* FavModel.swift in Sources */,
				D3FDBF1B265695DE00923BA9 /* ResetPasswordVC.swift in Sources */,
				D3FDBEEC2656079500923BA9 /* NumberFormatter.swift in Sources */,
				D3FDBEF2265607F300923BA9 /* Constants.swift in Sources */,
				D3FDBF392656C0B700923BA9 /* WishlistVC.swift in Sources */,
				D3BB0AED265BA98B00D8DF7E /* AdaptiveCollectionLayout.swift in Sources */,
				D3084DE32655E7C500CDB793 /* SceneDelegate.swift in Sources */,
				D35B0BE32657545C0075B00E /* SearchSectionCell.swift in Sources */,
				D3F3DED9267286570028140A /* AuctionDetailVC.swift in Sources */,
				D35B0B9B265732250075B00E /* ProductCell.swift in Sources */,
				D3FDBF072656923C00923BA9 /* RegisterVC.swift in Sources */,
				D33942232670BC940007F09F /* CommentVC.swift in Sources */,
				D35B0B8C26572DD60075B00E /* ProductDetailVC.swift in Sources */,
				D33942282670C5EF0007F09F /* MessageVC.swift in Sources */,
				D3FDBEE22656069500923BA9 /* StringValidate.swift in Sources */,
				D3FDBF0126560A0200923BA9 /* RequestHandler.swift in Sources */,
				D3F3DFC02679E0D90028140A /* SellerOrderItem.swift in Sources */,
				D33941CC266B03010007F09F /* DBCart.swift in Sources */,
			);
			runOnlyForDeploymentPostprocessing = 0;
		};
		D3084DEF2655E7CD00CDB793 /* Sources */ = {
			isa = PBXSourcesBuildPhase;
			buildActionMask = 2147483647;
			files = (
				D3084DF82655E7CD00CDB793 /* MackirelTests.swift in Sources */,
			);
			runOnlyForDeploymentPostprocessing = 0;
		};
		D3084DFA2655E7CD00CDB793 /* Sources */ = {
			isa = PBXSourcesBuildPhase;
			buildActionMask = 2147483647;
			files = (
				D3084E032655E7CD00CDB793 /* MackirelUITests.swift in Sources */,
			);
			runOnlyForDeploymentPostprocessing = 0;
		};
/* End PBXSourcesBuildPhase section */

/* Begin PBXTargetDependency section */
		D3084DF52655E7CD00CDB793 /* PBXTargetDependency */ = {
			isa = PBXTargetDependency;
			target = D3084DDC2655E7C500CDB793 /* Mackirel */;
			targetProxy = D3084DF42655E7CD00CDB793 /* PBXContainerItemProxy */;
		};
		D3084E002655E7CD00CDB793 /* PBXTargetDependency */ = {
			isa = PBXTargetDependency;
			target = D3084DDC2655E7C500CDB793 /* Mackirel */;
			targetProxy = D3084DFF2655E7CD00CDB793 /* PBXContainerItemProxy */;
		};
/* End PBXTargetDependency section */

/* Begin PBXVariantGroup section */
		D3084DE62655E7C500CDB793 /* Main.storyboard */ = {
			isa = PBXVariantGroup;
			children = (
				D3084DE72655E7C500CDB793 /* Base */,
			);
			name = Main.storyboard;
			sourceTree = "<group>";
		};
		D3084DEB2655E7CC00CDB793 /* LaunchScreen.storyboard */ = {
			isa = PBXVariantGroup;
			children = (
				D3084DEC2655E7CC00CDB793 /* Base */,
			);
			name = LaunchScreen.storyboard;
			sourceTree = "<group>";
		};
/* End PBXVariantGroup section */

/* Begin XCBuildConfiguration section */
		D3084E052655E7CD00CDB793 /* Debug */ = {
			isa = XCBuildConfiguration;
			buildSettings = {
				ALWAYS_SEARCH_USER_PATHS = NO;
				CLANG_ANALYZER_NONNULL = YES;
				CLANG_ANALYZER_NUMBER_OBJECT_CONVERSION = YES_AGGRESSIVE;
				CLANG_CXX_LANGUAGE_STANDARD = "gnu++14";
				CLANG_CXX_LIBRARY = "libc++";
				CLANG_ENABLE_MODULES = YES;
				CLANG_ENABLE_OBJC_ARC = YES;
				CLANG_ENABLE_OBJC_WEAK = YES;
				CLANG_WARN_BLOCK_CAPTURE_AUTORELEASING = YES;
				CLANG_WARN_BOOL_CONVERSION = YES;
				CLANG_WARN_COMMA = YES;
				CLANG_WARN_CONSTANT_CONVERSION = YES;
				CLANG_WARN_DEPRECATED_OBJC_IMPLEMENTATIONS = YES;
				CLANG_WARN_DIRECT_OBJC_ISA_USAGE = YES_ERROR;
				CLANG_WARN_DOCUMENTATION_COMMENTS = YES;
				CLANG_WARN_EMPTY_BODY = YES;
				CLANG_WARN_ENUM_CONVERSION = YES;
				CLANG_WARN_INFINITE_RECURSION = YES;
				CLANG_WARN_INT_CONVERSION = YES;
				CLANG_WARN_NON_LITERAL_NULL_CONVERSION = YES;
				CLANG_WARN_OBJC_IMPLICIT_RETAIN_SELF = YES;
				CLANG_WARN_OBJC_LITERAL_CONVERSION = YES;
				CLANG_WARN_OBJC_ROOT_CLASS = YES_ERROR;
				CLANG_WARN_QUOTED_INCLUDE_IN_FRAMEWORK_HEADER = YES;
				CLANG_WARN_RANGE_LOOP_ANALYSIS = YES;
				CLANG_WARN_STRICT_PROTOTYPES = YES;
				CLANG_WARN_SUSPICIOUS_MOVE = YES;
				CLANG_WARN_UNGUARDED_AVAILABILITY = YES_AGGRESSIVE;
				CLANG_WARN_UNREACHABLE_CODE = YES;
				CLANG_WARN__DUPLICATE_METHOD_MATCH = YES;
				COPY_PHASE_STRIP = NO;
				DEBUG_INFORMATION_FORMAT = dwarf;
				ENABLE_STRICT_OBJC_MSGSEND = YES;
				ENABLE_TESTABILITY = YES;
				GCC_C_LANGUAGE_STANDARD = gnu11;
				GCC_DYNAMIC_NO_PIC = NO;
				GCC_NO_COMMON_BLOCKS = YES;
				GCC_OPTIMIZATION_LEVEL = 0;
				GCC_PREPROCESSOR_DEFINITIONS = (
					"DEBUG=1",
					"$(inherited)",
				);
				GCC_WARN_64_TO_32_BIT_CONVERSION = YES;
				GCC_WARN_ABOUT_RETURN_TYPE = YES_ERROR;
				GCC_WARN_UNDECLARED_SELECTOR = YES;
				GCC_WARN_UNINITIALIZED_AUTOS = YES_AGGRESSIVE;
				GCC_WARN_UNUSED_FUNCTION = YES;
				GCC_WARN_UNUSED_VARIABLE = YES;
				IPHONEOS_DEPLOYMENT_TARGET = 14.4;
				MTL_ENABLE_DEBUG_INFO = INCLUDE_SOURCE;
				MTL_FAST_MATH = YES;
				ONLY_ACTIVE_ARCH = YES;
				SDKROOT = iphoneos;
				SWIFT_ACTIVE_COMPILATION_CONDITIONS = DEBUG;
				SWIFT_OPTIMIZATION_LEVEL = "-Onone";
			};
			name = Debug;
		};
		D3084E062655E7CD00CDB793 /* Release */ = {
			isa = XCBuildConfiguration;
			buildSettings = {
				ALWAYS_SEARCH_USER_PATHS = NO;
				CLANG_ANALYZER_NONNULL = YES;
				CLANG_ANALYZER_NUMBER_OBJECT_CONVERSION = YES_AGGRESSIVE;
				CLANG_CXX_LANGUAGE_STANDARD = "gnu++14";
				CLANG_CXX_LIBRARY = "libc++";
				CLANG_ENABLE_MODULES = YES;
				CLANG_ENABLE_OBJC_ARC = YES;
				CLANG_ENABLE_OBJC_WEAK = YES;
				CLANG_WARN_BLOCK_CAPTURE_AUTORELEASING = YES;
				CLANG_WARN_BOOL_CONVERSION = YES;
				CLANG_WARN_COMMA = YES;
				CLANG_WARN_CONSTANT_CONVERSION = YES;
				CLANG_WARN_DEPRECATED_OBJC_IMPLEMENTATIONS = YES;
				CLANG_WARN_DIRECT_OBJC_ISA_USAGE = YES_ERROR;
				CLANG_WARN_DOCUMENTATION_COMMENTS = YES;
				CLANG_WARN_EMPTY_BODY = YES;
				CLANG_WARN_ENUM_CONVERSION = YES;
				CLANG_WARN_INFINITE_RECURSION = YES;
				CLANG_WARN_INT_CONVERSION = YES;
				CLANG_WARN_NON_LITERAL_NULL_CONVERSION = YES;
				CLANG_WARN_OBJC_IMPLICIT_RETAIN_SELF = YES;
				CLANG_WARN_OBJC_LITERAL_CONVERSION = YES;
				CLANG_WARN_OBJC_ROOT_CLASS = YES_ERROR;
				CLANG_WARN_QUOTED_INCLUDE_IN_FRAMEWORK_HEADER = YES;
				CLANG_WARN_RANGE_LOOP_ANALYSIS = YES;
				CLANG_WARN_STRICT_PROTOTYPES = YES;
				CLANG_WARN_SUSPICIOUS_MOVE = YES;
				CLANG_WARN_UNGUARDED_AVAILABILITY = YES_AGGRESSIVE;
				CLANG_WARN_UNREACHABLE_CODE = YES;
				CLANG_WARN__DUPLICATE_METHOD_MATCH = YES;
				COPY_PHASE_STRIP = NO;
				DEBUG_INFORMATION_FORMAT = "dwarf-with-dsym";
				ENABLE_NS_ASSERTIONS = NO;
				ENABLE_STRICT_OBJC_MSGSEND = YES;
				GCC_C_LANGUAGE_STANDARD = gnu11;
				GCC_NO_COMMON_BLOCKS = YES;
				GCC_WARN_64_TO_32_BIT_CONVERSION = YES;
				GCC_WARN_ABOUT_RETURN_TYPE = YES_ERROR;
				GCC_WARN_UNDECLARED_SELECTOR = YES;
				GCC_WARN_UNINITIALIZED_AUTOS = YES_AGGRESSIVE;
				GCC_WARN_UNUSED_FUNCTION = YES;
				GCC_WARN_UNUSED_VARIABLE = YES;
				IPHONEOS_DEPLOYMENT_TARGET = 14.4;
				MTL_ENABLE_DEBUG_INFO = NO;
				MTL_FAST_MATH = YES;
				SDKROOT = iphoneos;
				SWIFT_COMPILATION_MODE = wholemodule;
				SWIFT_OPTIMIZATION_LEVEL = "-O";
				VALIDATE_PRODUCT = YES;
			};
			name = Release;
		};
		D3084E082655E7CD00CDB793 /* Debug */ = {
			isa = XCBuildConfiguration;
			baseConfigurationReference = 1CAFF725BE252039BC539DA0 /* Pods-Mackirel.debug.xcconfig */;
			buildSettings = {
				ASSETCATALOG_COMPILER_APPICON_NAME = AppIcon;
				ASSETCATALOG_COMPILER_GLOBAL_ACCENT_COLOR_NAME = AccentColor;
				CODE_SIGN_STYLE = Automatic;
				DEVELOPMENT_TEAM = 8FH8PKCQ84;
				INFOPLIST_FILE = Mackirel/Info.plist;
				LD_RUNPATH_SEARCH_PATHS = (
					"$(inherited)",
					"@executable_path/Frameworks",
				);
				PRODUCT_BUNDLE_IDENTIFIER = com.mackirel;
				PRODUCT_NAME = "$(TARGET_NAME)";
				SWIFT_VERSION = 5.0;
				TARGETED_DEVICE_FAMILY = "1,2";
			};
			name = Debug;
		};
		D3084E092655E7CD00CDB793 /* Release */ = {
			isa = XCBuildConfiguration;
			baseConfigurationReference = FFD056C4449B247EC32FBDF2 /* Pods-Mackirel.release.xcconfig */;
			buildSettings = {
				ASSETCATALOG_COMPILER_APPICON_NAME = AppIcon;
				ASSETCATALOG_COMPILER_GLOBAL_ACCENT_COLOR_NAME = AccentColor;
				CODE_SIGN_STYLE = Automatic;
				DEVELOPMENT_TEAM = 8FH8PKCQ84;
				INFOPLIST_FILE = Mackirel/Info.plist;
				LD_RUNPATH_SEARCH_PATHS = (
					"$(inherited)",
					"@executable_path/Frameworks",
				);
				PRODUCT_BUNDLE_IDENTIFIER = com.mackirel;
				PRODUCT_NAME = "$(TARGET_NAME)";
				SWIFT_VERSION = 5.0;
				TARGETED_DEVICE_FAMILY = "1,2";
			};
			name = Release;
		};
		D3084E0B2655E7CD00CDB793 /* Debug */ = {
			isa = XCBuildConfiguration;
			baseConfigurationReference = 911A197370C22D3BE83FD6AE /* Pods-MackirelTests.debug.xcconfig */;
			buildSettings = {
				ALWAYS_EMBED_SWIFT_STANDARD_LIBRARIES = YES;
				BUNDLE_LOADER = "$(TEST_HOST)";
				CODE_SIGN_STYLE = Automatic;
				DEVELOPMENT_TEAM = 8FH8PKCQ84;
				INFOPLIST_FILE = MackirelTests/Info.plist;
				IPHONEOS_DEPLOYMENT_TARGET = 14.4;
				LD_RUNPATH_SEARCH_PATHS = (
					"$(inherited)",
					"@executable_path/Frameworks",
					"@loader_path/Frameworks",
				);
				PRODUCT_BUNDLE_IDENTIFIER = "Lemitty-LLC.MackirelTests";
				PRODUCT_NAME = "$(TARGET_NAME)";
				SWIFT_VERSION = 5.0;
				TARGETED_DEVICE_FAMILY = "1,2";
				TEST_HOST = "$(BUILT_PRODUCTS_DIR)/Mackirel.app/Mackirel";
			};
			name = Debug;
		};
		D3084E0C2655E7CD00CDB793 /* Release */ = {
			isa = XCBuildConfiguration;
			baseConfigurationReference = 21469B10296E1E51AD2284F9 /* Pods-MackirelTests.release.xcconfig */;
			buildSettings = {
				ALWAYS_EMBED_SWIFT_STANDARD_LIBRARIES = YES;
				BUNDLE_LOADER = "$(TEST_HOST)";
				CODE_SIGN_STYLE = Automatic;
				DEVELOPMENT_TEAM = 8FH8PKCQ84;
				INFOPLIST_FILE = MackirelTests/Info.plist;
				IPHONEOS_DEPLOYMENT_TARGET = 14.4;
				LD_RUNPATH_SEARCH_PATHS = (
					"$(inherited)",
					"@executable_path/Frameworks",
					"@loader_path/Frameworks",
				);
				PRODUCT_BUNDLE_IDENTIFIER = "Lemitty-LLC.MackirelTests";
				PRODUCT_NAME = "$(TARGET_NAME)";
				SWIFT_VERSION = 5.0;
				TARGETED_DEVICE_FAMILY = "1,2";
				TEST_HOST = "$(BUILT_PRODUCTS_DIR)/Mackirel.app/Mackirel";
			};
			name = Release;
		};
		D3084E0E2655E7CD00CDB793 /* Debug */ = {
			isa = XCBuildConfiguration;
			baseConfigurationReference = 9C65B361B4D758CF5FE7BEC1 /* Pods-Mackirel-MackirelUITests.debug.xcconfig */;
			buildSettings = {
				ALWAYS_EMBED_SWIFT_STANDARD_LIBRARIES = YES;
				CODE_SIGN_STYLE = Automatic;
				DEVELOPMENT_TEAM = 8FH8PKCQ84;
				INFOPLIST_FILE = MackirelUITests/Info.plist;
				LD_RUNPATH_SEARCH_PATHS = (
					"$(inherited)",
					"@executable_path/Frameworks",
					"@loader_path/Frameworks",
				);
				PRODUCT_BUNDLE_IDENTIFIER = "Lemitty-LLC.MackirelUITests";
				PRODUCT_NAME = "$(TARGET_NAME)";
				SWIFT_VERSION = 5.0;
				TARGETED_DEVICE_FAMILY = "1,2";
				TEST_TARGET_NAME = Mackirel;
			};
			name = Debug;
		};
		D3084E0F2655E7CD00CDB793 /* Release */ = {
			isa = XCBuildConfiguration;
			baseConfigurationReference = 6DF75B1A03B385630A847A74 /* Pods-Mackirel-MackirelUITests.release.xcconfig */;
			buildSettings = {
				ALWAYS_EMBED_SWIFT_STANDARD_LIBRARIES = YES;
				CODE_SIGN_STYLE = Automatic;
				DEVELOPMENT_TEAM = 8FH8PKCQ84;
				INFOPLIST_FILE = MackirelUITests/Info.plist;
				LD_RUNPATH_SEARCH_PATHS = (
					"$(inherited)",
					"@executable_path/Frameworks",
					"@loader_path/Frameworks",
				);
				PRODUCT_BUNDLE_IDENTIFIER = "Lemitty-LLC.MackirelUITests";
				PRODUCT_NAME = "$(TARGET_NAME)";
				SWIFT_VERSION = 5.0;
				TARGETED_DEVICE_FAMILY = "1,2";
				TEST_TARGET_NAME = Mackirel;
			};
			name = Release;
		};
/* End XCBuildConfiguration section */

/* Begin XCConfigurationList section */
		D3084DD82655E7C500CDB793 /* Build configuration list for PBXProject "Mackirel" */ = {
			isa = XCConfigurationList;
			buildConfigurations = (
				D3084E052655E7CD00CDB793 /* Debug */,
				D3084E062655E7CD00CDB793 /* Release */,
			);
			defaultConfigurationIsVisible = 0;
			defaultConfigurationName = Release;
		};
		D3084E072655E7CD00CDB793 /* Build configuration list for PBXNativeTarget "Mackirel" */ = {
			isa = XCConfigurationList;
			buildConfigurations = (
				D3084E082655E7CD00CDB793 /* Debug */,
				D3084E092655E7CD00CDB793 /* Release */,
			);
			defaultConfigurationIsVisible = 0;
			defaultConfigurationName = Release;
		};
		D3084E0A2655E7CD00CDB793 /* Build configuration list for PBXNativeTarget "MackirelTests" */ = {
			isa = XCConfigurationList;
			buildConfigurations = (
				D3084E0B2655E7CD00CDB793 /* Debug */,
				D3084E0C2655E7CD00CDB793 /* Release */,
			);
			defaultConfigurationIsVisible = 0;
			defaultConfigurationName = Release;
		};
		D3084E0D2655E7CD00CDB793 /* Build configuration list for PBXNativeTarget "MackirelUITests" */ = {
			isa = XCConfigurationList;
			buildConfigurations = (
				D3084E0E2655E7CD00CDB793 /* Debug */,
				D3084E0F2655E7CD00CDB793 /* Release */,
			);
			defaultConfigurationIsVisible = 0;
			defaultConfigurationName = Release;
		};
/* End XCConfigurationList section */
	};
	rootObject = D3084DD52655E7C500CDB793 /* Project object */;
}
