// !$*UTF8*$!
{
	archiveVersion = 1;
	classes = {
	};
	objectVersion = 50;
	objects = {

/* Begin PBXBuildFile section */
		D3084DE12655E7C500CDB793 /* AppDelegate.swift in Sources */ = {isa = PBXBuildFile; fileRef = D3084DE02655E7C500CDB793 /* AppDelegate.swift */; };
		D3084DE32655E7C500CDB793 /* SceneDelegate.swift in Sources */ = {isa = PBXBuildFile; fileRef = D3084DE22655E7C500CDB793 /* SceneDelegate.swift */; };
		D3084DE52655E7C500CDB793 /* ViewController.swift in Sources */ = {isa = PBXBuildFile; fileRef = D3084DE42655E7C500CDB793 /* ViewController.swift */; };
		D3084DE82655E7C500CDB793 /* Main.storyboard in Resources */ = {isa = PBXBuildFile; fileRef = D3084DE62655E7C500CDB793 /* Main.storyboard */; };
		D3084DEA2655E7CC00CDB793 /* Assets.xcassets in Resources */ = {isa = PBXBuildFile; fileRef = D3084DE92655E7CC00CDB793 /* Assets.xcassets */; };
		D3084DED2655E7CC00CDB793 /* LaunchScreen.storyboard in Resources */ = {isa = PBXBuildFile; fileRef = D3084DEB2655E7CC00CDB793 /* LaunchScreen.storyboard */; };
		D3084DF82655E7CD00CDB793 /* MackirelTests.swift in Sources */ = {isa = PBXBuildFile; fileRef = D3084DF72655E7CD00CDB793 /* MackirelTests.swift */; };
		D3084E032655E7CD00CDB793 /* MackirelUITests.swift in Sources */ = {isa = PBXBuildFile; fileRef = D3084E022655E7CD00CDB793 /* MackirelUITests.swift */; };
/* End PBXBuildFile section */

/* Begin PBXContainerItemProxy section */
		D3084DF42655E7CD00CDB793 /* PBXContainerItemProxy */ = {
			isa = PBXContainerItemProxy;
			containerPortal = D3084DD52655E7C500CDB793 /* Project object */;
			proxyType = 1;
			remoteGlobalIDString = D3084DDC2655E7C500CDB793;
			remoteInfo = Mackirel;
		};
		D3084DFF2655E7CD00CDB793 /* PBXContainerItemProxy */ = {
			isa = PBXContainerItemProxy;
			containerPortal = D3084DD52655E7C500CDB793 /* Project object */;
			proxyType = 1;
			remoteGlobalIDString = D3084DDC2655E7C500CDB793;
			remoteInfo = Mackirel;
		};
/* End PBXContainerItemProxy section */

/* Begin PBXFileReference section */
		D3084DDD2655E7C500CDB793 /* Mackirel.app */ = {isa = PBXFileReference; explicitFileType = wrapper.application; includeInIndex = 0; path = Mackirel.app; sourceTree = BUILT_PRODUCTS_DIR; };
		D3084DE02655E7C500CDB793 /* AppDelegate.swift */ = {isa = PBXFileReference; lastKnownFileType = sourcecode.swift; path = AppDelegate.swift; sourceTree = "<group>"; };
		D3084DE22655E7C500CDB793 /* SceneDelegate.swift */ = {isa = PBXFileReference; lastKnownFileType = sourcecode.swift; path = SceneDelegate.swift; sourceTree = "<group>"; };
		D3084DE42655E7C500CDB793 /* ViewController.swift */ = {isa = PBXFileReference; lastKnownFileType = sourcecode.swift; path = ViewController.swift; sourceTree = "<group>"; };
		D3084DE72655E7C500CDB793 /* Base */ = {isa = PBXFileReference; lastKnownFileType = file.storyboard; name = Base; path = Base.lproj/Main.storyboard; sourceTree = "<group>"; };
		D3084DE92655E7CC00CDB793 /* Assets.xcassets */ = {isa = PBXFileReference; lastKnownFileType = folder.assetcatalog; path = Assets.xcassets; sourceTree = "<group>"; };
		D3084DEC2655E7CC00CDB793 /* Base */ = {isa = PBXFileReference; lastKnownFileType = file.storyboard; name = Base; path = Base.lproj/LaunchScreen.storyboard; sourceTree = "<group>"; };
		D3084DEE2655E7CC00CDB793 /* Info.plist */ = {isa = PBXFileReference; lastKnownFileType = text.plist.xml; path = Info.plist; sourceTree = "<group>"; };
		D3084DF32655E7CD00CDB793 /* MackirelTests.xctest */ = {isa = PBXFileReference; explicitFileType = wrapper.cfbundle; includeInIndex = 0; path = MackirelTests.xctest; sourceTree = BUILT_PRODUCTS_DIR; };
		D3084DF72655E7CD00CDB793 /* MackirelTests.swift */ = {isa = PBXFileReference; lastKnownFileType = sourcecode.swift; path = MackirelTests.swift; sourceTree = "<group>"; };
		D3084DF92655E7CD00CDB793 /* Info.plist */ = {isa = PBXFileReference; lastKnownFileType = text.plist.xml; path = Info.plist; sourceTree = "<group>"; };
		D3084DFE2655E7CD00CDB793 /* MackirelUITests.xctest */ = {isa = PBXFileReference; explicitFileType = wrapper.cfbundle; includeInIndex = 0; path = MackirelUITests.xctest; sourceTree = BUILT_PRODUCTS_DIR; };
		D3084E022655E7CD00CDB793 /* MackirelUITests.swift */ = {isa = PBXFileReference; lastKnownFileType = sourcecode.swift; path = MackirelUITests.swift; sourceTree = "<group>"; };
		D3084E042655E7CD00CDB793 /* Info.plist */ = {isa = PBXFileReference; lastKnownFileType = text.plist.xml; path = Info.plist; sourceTree = "<group>"; };
/* End PBXFileReference section */

/* Begin PBXFrameworksBuildPhase section */
		D3084DDA2655E7C500CDB793 /* Frameworks */ = {
			isa = PBXFrameworksBuildPhase;
			buildActionMask = 2147483647;
			files = (
			);
			runOnlyForDeploymentPostprocessing = 0;
		};
		D3084DF02655E7CD00CDB793 /* Frameworks */ = {
			isa = PBXFrameworksBuildPhase;
			buildActionMask = 2147483647;
			files = (
			);
			runOnlyForDeploymentPostprocessing = 0;
		};
		D3084DFB2655E7CD00CDB793 /* Frameworks */ = {
			isa = PBXFrameworksBuildPhase;
			buildActionMask = 2147483647;
			files = (
			);
			runOnlyForDeploymentPostprocessing = 0;
		};
/* End PBXFrameworksBuildPhase section */

/* Begin PBXGroup section */
		D3084DD42655E7C500CDB793 = {
			isa = PBXGroup;
			children = (
				D3084DDF2655E7C500CDB793 /* Mackirel */,
				D3084DF62655E7CD00CDB793 /* MackirelTests */,
				D3084E012655E7CD00CDB793 /* MackirelUITests */,
				D3084DDE2655E7C500CDB793 /* Products */,
			);
			sourceTree = "<group>";
		};
		D3084DDE2655E7C500CDB793 /* Products */ = {
			isa = PBXGroup;
			children = (
				D3084DDD2655E7C500CDB793 /* Mackirel.app */,
				D3084DF32655E7CD00CDB793 /* MackirelTests.xctest */,
				D3084DFE2655E7CD00CDB793 /* MackirelUITests.xctest */,
			);
			name = Products;
			sourceTree = "<group>";
		};
		D3084DDF2655E7C500CDB793 /* Mackirel */ = {
			isa = PBXGroup;
			children = (
				D3084DE02655E7C500CDB793 /* AppDelegate.swift */,
				D3084DE22655E7C500CDB793 /* SceneDelegate.swift */,
				D3084DE42655E7C500CDB793 /* ViewController.swift */,
				D3084DE62655E7C500CDB793 /* Main.storyboard */,
				D3084DE92655E7CC00CDB793 /* Assets.xcassets */,
				D3084DEB2655E7CC00CDB793 /* LaunchScreen.storyboard */,
				D3084DEE2655E7CC00CDB793 /* Info.plist */,
			);
			path = Mackirel;
			sourceTree = "<group>";
		};
		D3084DF62655E7CD00CDB793 /* MackirelTests */ = {
			isa = PBXGroup;
			children = (
				D3084DF72655E7CD00CDB793 /* MackirelTests.swift */,
				D3084DF92655E7CD00CDB793 /* Info.plist */,
			);
			path = MackirelTests;
			sourceTree = "<group>";
		};
		D3084E012655E7CD00CDB793 /* MackirelUITests */ = {
			isa = PBXGroup;
			children = (
				D3084E022655E7CD00CDB793 /* MackirelUITests.swift */,
				D3084E042655E7CD00CDB793 /* Info.plist */,
			);
			path = MackirelUITests;
			sourceTree = "<group>";
		};
/* End PBXGroup section */

/* Begin PBXNativeTarget section */
		D3084DDC2655E7C500CDB793 /* Mackirel */ = {
			isa = PBXNativeTarget;
			buildConfigurationList = D3084E072655E7CD00CDB793 /* Build configuration list for PBXNativeTarget "Mackirel" */;
			buildPhases = (
				D3084DD92655E7C500CDB793 /* Sources */,
				D3084DDA2655E7C500CDB793 /* Frameworks */,
				D3084DDB2655E7C500CDB793 /* Resources */,
			);
			buildRules = (
			);
			dependencies = (
			);
			name = Mackirel;
			productName = Mackirel;
			productReference = D3084DDD2655E7C500CDB793 /* Mackirel.app */;
			productType = "com.apple.product-type.application";
		};
		D3084DF22655E7CD00CDB793 /* MackirelTests */ = {
			isa = PBXNativeTarget;
			buildConfigurationList = D3084E0A2655E7CD00CDB793 /* Build configuration list for PBXNativeTarget "MackirelTests" */;
			buildPhases = (
				D3084DEF2655E7CD00CDB793 /* Sources */,
				D3084DF02655E7CD00CDB793 /* Frameworks */,
				D3084DF12655E7CD00CDB793 /* Resources */,
			);
			buildRules = (
			);
			dependencies = (
				D3084DF52655E7CD00CDB793 /* PBXTargetDependency */,
			);
			name = MackirelTests;
			productName = MackirelTests;
			productReference = D3084DF32655E7CD00CDB793 /* MackirelTests.xctest */;
			productType = "com.apple.product-type.bundle.unit-test";
		};
		D3084DFD2655E7CD00CDB793 /* MackirelUITests */ = {
			isa = PBXNativeTarget;
			buildConfigurationList = D3084E0D2655E7CD00CDB793 /* Build configuration list for PBXNativeTarget "MackirelUITests" */;
			buildPhases = (
				D3084DFA2655E7CD00CDB793 /* Sources */,
				D3084DFB2655E7CD00CDB793 /* Frameworks */,
				D3084DFC2655E7CD00CDB793 /* Resources */,
			);
			buildRules = (
			);
			dependencies = (
				D3084E002655E7CD00CDB793 /* PBXTargetDependency */,
			);
			name = MackirelUITests;
			productName = MackirelUITests;
			productReference = D3084DFE2655E7CD00CDB793 /* MackirelUITests.xctest */;
			productType = "com.apple.product-type.bundle.ui-testing";
		};
/* End PBXNativeTarget section */

/* Begin PBXProject section */
		D3084DD52655E7C500CDB793 /* Project object */ = {
			isa = PBXProject;
			attributes = {
				LastSwiftUpdateCheck = 1240;
				LastUpgradeCheck = 1240;
				TargetAttributes = {
					D3084DDC2655E7C500CDB793 = {
						CreatedOnToolsVersion = 12.4;
					};
					D3084DF22655E7CD00CDB793 = {
						CreatedOnToolsVersion = 12.4;
						TestTargetID = D3084DDC2655E7C500CDB793;
					};
					D3084DFD2655E7CD00CDB793 = {
						CreatedOnToolsVersion = 12.4;
						TestTargetID = D3084DDC2655E7C500CDB793;
					};
				};
			};
			buildConfigurationList = D3084DD82655E7C500CDB793 /* Build configuration list for PBXProject "Mackirel" */;
			compatibilityVersion = "Xcode 9.3";
			developmentRegion = en;
			hasScannedForEncodings = 0;
			knownRegions = (
				en,
				Base,
			);
			mainGroup = D3084DD42655E7C500CDB793;
			productRefGroup = D3084DDE2655E7C500CDB793 /* Products */;
			projectDirPath = "";
			projectRoot = "";
			targets = (
				D3084DDC2655E7C500CDB793 /* Mackirel */,
				D3084DF22655E7CD00CDB793 /* MackirelTests */,
				D3084DFD2655E7CD00CDB793 /* MackirelUITests */,
			);
		};
/* End PBXProject section */

/* Begin PBXResourcesBuildPhase section */
		D3084DDB2655E7C500CDB793 /* Resources */ = {
			isa = PBXResourcesBuildPhase;
			buildActionMask = 2147483647;
			files = (
				D3084DED2655E7CC00CDB793 /* LaunchScreen.storyboard in Resources */,
				D3084DEA2655E7CC00CDB793 /* Assets.xcassets in Resources */,
				D3084DE82655E7C500CDB793 /* Main.storyboard in Resources */,
			);
			runOnlyForDeploymentPostprocessing = 0;
		};
		D3084DF12655E7CD00CDB793 /* Resources */ = {
			isa = PBXResourcesBuildPhase;
			buildActionMask = 2147483647;
			files = (
			);
			runOnlyForDeploymentPostprocessing = 0;
		};
		D3084DFC2655E7CD00CDB793 /* Resources */ = {
			isa = PBXResourcesBuildPhase;
			buildActionMask = 2147483647;
			files = (
			);
			runOnlyForDeploymentPostprocessing = 0;
		};
/* End PBXResourcesBuildPhase section */

/* Begin PBXSourcesBuildPhase section */
		D3084DD92655E7C500CDB793 /* Sources */ = {
			isa = PBXSourcesBuildPhase;
			buildActionMask = 2147483647;
			files = (
				D3084DE52655E7C500CDB793 /* ViewController.swift in Sources */,
				D3084DE12655E7C500CDB793 /* AppDelegate.swift in Sources */,
				D3084DE32655E7C500CDB793 /* SceneDelegate.swift in Sources */,
			);
			runOnlyForDeploymentPostprocessing = 0;
		};
		D3084DEF2655E7CD00CDB793 /* Sources */ = {
			isa = PBXSourcesBuildPhase;
			buildActionMask = 2147483647;
			files = (
				D3084DF82655E7CD00CDB793 /* MackirelTests.swift in Sources */,
			);
			runOnlyForDeploymentPostprocessing = 0;
		};
		D3084DFA2655E7CD00CDB793 /* Sources */ = {
			isa = PBXSourcesBuildPhase;
			buildActionMask = 2147483647;
			files = (
				D3084E032655E7CD00CDB793 /* MackirelUITests.swift in Sources */,
			);
			runOnlyForDeploymentPostprocessing = 0;
		};
/* End PBXSourcesBuildPhase section */

/* Begin PBXTargetDependency section */
		D3084DF52655E7CD00CDB793 /* PBXTargetDependency */ = {
			isa = PBXTargetDependency;
			target = D3084DDC2655E7C500CDB793 /* Mackirel */;
			targetProxy = D3084DF42655E7CD00CDB793 /* PBXContainerItemProxy */;
		};
		D3084E002655E7CD00CDB793 /* PBXTargetDependency */ = {
			isa = PBXTargetDependency;
			target = D3084DDC2655E7C500CDB793 /* Mackirel */;
			targetProxy = D3084DFF2655E7CD00CDB793 /* PBXContainerItemProxy */;
		};
/* End PBXTargetDependency section */

/* Begin PBXVariantGroup section */
		D3084DE62655E7C500CDB793 /* Main.storyboard */ = {
			isa = PBXVariantGroup;
			children = (
				D3084DE72655E7C500CDB793 /* Base */,
			);
			name = Main.storyboard;
			sourceTree = "<group>";
		};
		D3084DEB2655E7CC00CDB793 /* LaunchScreen.storyboard */ = {
			isa = PBXVariantGroup;
			children = (
				D3084DEC2655E7CC00CDB793 /* Base */,
			);
			name = LaunchScreen.storyboard;
			sourceTree = "<group>";
		};
/* End PBXVariantGroup section */

/* Begin XCBuildConfiguration section */
		D3084E052655E7CD00CDB793 /* Debug */ = {
			isa = XCBuildConfiguration;
			buildSettings = {
				ALWAYS_SEARCH_USER_PATHS = NO;
				CLANG_ANALYZER_NONNULL = YES;
				CLANG_ANALYZER_NUMBER_OBJECT_CONVERSION = YES_AGGRESSIVE;
				CLANG_CXX_LANGUAGE_STANDARD = "gnu++14";
				CLANG_CXX_LIBRARY = "libc++";
				CLANG_ENABLE_MODULES = YES;
				CLANG_ENABLE_OBJC_ARC = YES;
				CLANG_ENABLE_OBJC_WEAK = YES;
				CLANG_WARN_BLOCK_CAPTURE_AUTORELEASING = YES;
				CLANG_WARN_BOOL_CONVERSION = YES;
				CLANG_WARN_COMMA = YES;
				CLANG_WARN_CONSTANT_CONVERSION = YES;
				CLANG_WARN_DEPRECATED_OBJC_IMPLEMENTATIONS = YES;
				CLANG_WARN_DIRECT_OBJC_ISA_USAGE = YES_ERROR;
				CLANG_WARN_DOCUMENTATION_COMMENTS = YES;
				CLANG_WARN_EMPTY_BODY = YES;
				CLANG_WARN_ENUM_CONVERSION = YES;
				CLANG_WARN_INFINITE_RECURSION = YES;
				CLANG_WARN_INT_CONVERSION = YES;
				CLANG_WARN_NON_LITERAL_NULL_CONVERSION = YES;
				CLANG_WARN_OBJC_IMPLICIT_RETAIN_SELF = YES;
				CLANG_WARN_OBJC_LITERAL_CONVERSION = YES;
				CLANG_WARN_OBJC_ROOT_CLASS = YES_ERROR;
				CLANG_WARN_QUOTED_INCLUDE_IN_FRAMEWORK_HEADER = YES;
				CLANG_WARN_RANGE_LOOP_ANALYSIS = YES;
				CLANG_WARN_STRICT_PROTOTYPES = YES;
				CLANG_WARN_SUSPICIOUS_MOVE = YES;
				CLANG_WARN_UNGUARDED_AVAILABILITY = YES_AGGRESSIVE;
				CLANG_WARN_UNREACHABLE_CODE = YES;
				CLANG_WARN__DUPLICATE_METHOD_MATCH = YES;
				COPY_PHASE_STRIP = NO;
				DEBUG_INFORMATION_FORMAT = dwarf;
				ENABLE_STRICT_OBJC_MSGSEND = YES;
				ENABLE_TESTABILITY = YES;
				GCC_C_LANGUAGE_STANDARD = gnu11;
				GCC_DYNAMIC_NO_PIC = NO;
				GCC_NO_COMMON_BLOCKS = YES;
				GCC_OPTIMIZATION_LEVEL = 0;
				GCC_PREPROCESSOR_DEFINITIONS = (
					"DEBUG=1",
					"$(inherited)",
				);
				GCC_WARN_64_TO_32_BIT_CONVERSION = YES;
				GCC_WARN_ABOUT_RETURN_TYPE = YES_ERROR;
				GCC_WARN_UNDECLARED_SELECTOR = YES;
				GCC_WARN_UNINITIALIZED_AUTOS = YES_AGGRESSIVE;
				GCC_WARN_UNUSED_FUNCTION = YES;
				GCC_WARN_UNUSED_VARIABLE = YES;
				IPHONEOS_DEPLOYMENT_TARGET = 14.4;
				MTL_ENABLE_DEBUG_INFO = INCLUDE_SOURCE;
				MTL_FAST_MATH = YES;
				ONLY_ACTIVE_ARCH = YES;
				SDKROOT = iphoneos;
				SWIFT_ACTIVE_COMPILATION_CONDITIONS = DEBUG;
				SWIFT_OPTIMIZATION_LEVEL = "-Onone";
			};
			name = Debug;
		};
		D3084E062655E7CD00CDB793 /* Release */ = {
			isa = XCBuildConfiguration;
			buildSettings = {
				ALWAYS_SEARCH_USER_PATHS = NO;
				CLANG_ANALYZER_NONNULL = YES;
				CLANG_ANALYZER_NUMBER_OBJECT_CONVERSION = YES_AGGRESSIVE;
				CLANG_CXX_LANGUAGE_STANDARD = "gnu++14";
				CLANG_CXX_LIBRARY = "libc++";
				CLANG_ENABLE_MODULES = YES;
				CLANG_ENABLE_OBJC_ARC = YES;
				CLANG_ENABLE_OBJC_WEAK = YES;
				CLANG_WARN_BLOCK_CAPTURE_AUTORELEASING = YES;
				CLANG_WARN_BOOL_CONVERSION = YES;
				CLANG_WARN_COMMA = YES;
				CLANG_WARN_CONSTANT_CONVERSION = YES;
				CLANG_WARN_DEPRECATED_OBJC_IMPLEMENTATIONS = YES;
				CLANG_WARN_DIRECT_OBJC_ISA_USAGE = YES_ERROR;
				CLANG_WARN_DOCUMENTATION_COMMENTS = YES;
				CLANG_WARN_EMPTY_BODY = YES;
				CLANG_WARN_ENUM_CONVERSION = YES;
				CLANG_WARN_INFINITE_RECURSION = YES;
				CLANG_WARN_INT_CONVERSION = YES;
				CLANG_WARN_NON_LITERAL_NULL_CONVERSION = YES;
				CLANG_WARN_OBJC_IMPLICIT_RETAIN_SELF = YES;
				CLANG_WARN_OBJC_LITERAL_CONVERSION = YES;
				CLANG_WARN_OBJC_ROOT_CLASS = YES_ERROR;
				CLANG_WARN_QUOTED_INCLUDE_IN_FRAMEWORK_HEADER = YES;
				CLANG_WARN_RANGE_LOOP_ANALYSIS = YES;
				CLANG_WARN_STRICT_PROTOTYPES = YES;
				CLANG_WARN_SUSPICIOUS_MOVE = YES;
				CLANG_WARN_UNGUARDED_AVAILABILITY = YES_AGGRESSIVE;
				CLANG_WARN_UNREACHABLE_CODE = YES;
				CLANG_WARN__DUPLICATE_METHOD_MATCH = YES;
				COPY_PHASE_STRIP = NO;
				DEBUG_INFORMATION_FORMAT = "dwarf-with-dsym";
				ENABLE_NS_ASSERTIONS = NO;
				ENABLE_STRICT_OBJC_MSGSEND = YES;
				GCC_C_LANGUAGE_STANDARD = gnu11;
				GCC_NO_COMMON_BLOCKS = YES;
				GCC_WARN_64_TO_32_BIT_CONVERSION = YES;
				GCC_WARN_ABOUT_RETURN_TYPE = YES_ERROR;
				GCC_WARN_UNDECLARED_SELECTOR = YES;
				GCC_WARN_UNINITIALIZED_AUTOS = YES_AGGRESSIVE;
				GCC_WARN_UNUSED_FUNCTION = YES;
				GCC_WARN_UNUSED_VARIABLE = YES;
				IPHONEOS_DEPLOYMENT_TARGET = 14.4;
				MTL_ENABLE_DEBUG_INFO = NO;
				MTL_FAST_MATH = YES;
				SDKROOT = iphoneos;
				SWIFT_COMPILATION_MODE = wholemodule;
				SWIFT_OPTIMIZATION_LEVEL = "-O";
				VALIDATE_PRODUCT = YES;
			};
			name = Release;
		};
		D3084E082655E7CD00CDB793 /* Debug */ = {
			isa = XCBuildConfiguration;
			buildSettings = {
				ASSETCATALOG_COMPILER_APPICON_NAME = AppIcon;
				ASSETCATALOG_COMPILER_GLOBAL_ACCENT_COLOR_NAME = AccentColor;
				CODE_SIGN_STYLE = Automatic;
				DEVELOPMENT_TEAM = 8FH8PKCQ84;
				INFOPLIST_FILE = Mackirel/Info.plist;
				LD_RUNPATH_SEARCH_PATHS = (
					"$(inherited)",
					"@executable_path/Frameworks",
				);
				PRODUCT_BUNDLE_IDENTIFIER = com.mackirel;
				PRODUCT_NAME = "$(TARGET_NAME)";
				SWIFT_VERSION = 5.0;
				TARGETED_DEVICE_FAMILY = "1,2";
			};
			name = Debug;
		};
		D3084E092655E7CD00CDB793 /* Release */ = {
			isa = XCBuildConfiguration;
			buildSettings = {
				ASSETCATALOG_COMPILER_APPICON_NAME = AppIcon;
				ASSETCATALOG_COMPILER_GLOBAL_ACCENT_COLOR_NAME = AccentColor;
				CODE_SIGN_STYLE = Automatic;
				DEVELOPMENT_TEAM = 8FH8PKCQ84;
				INFOPLIST_FILE = Mackirel/Info.plist;
				LD_RUNPATH_SEARCH_PATHS = (
					"$(inherited)",
					"@executable_path/Frameworks",
				);
				PRODUCT_BUNDLE_IDENTIFIER = com.mackirel;
				PRODUCT_NAME = "$(TARGET_NAME)";
				SWIFT_VERSION = 5.0;
				TARGETED_DEVICE_FAMILY = "1,2";
			};
			name = Release;
		};
		D3084E0B2655E7CD00CDB793 /* Debug */ = {
			isa = XCBuildConfiguration;
			buildSettings = {
				ALWAYS_EMBED_SWIFT_STANDARD_LIBRARIES = YES;
				BUNDLE_LOADER = "$(TEST_HOST)";
				CODE_SIGN_STYLE = Automatic;
				DEVELOPMENT_TEAM = 8FH8PKCQ84;
				INFOPLIST_FILE = MackirelTests/Info.plist;
				IPHONEOS_DEPLOYMENT_TARGET = 14.4;
				LD_RUNPATH_SEARCH_PATHS = (
					"$(inherited)",
					"@executable_path/Frameworks",
					"@loader_path/Frameworks",
				);
				PRODUCT_BUNDLE_IDENTIFIER = "Lemitty-LLC.MackirelTests";
				PRODUCT_NAME = "$(TARGET_NAME)";
				SWIFT_VERSION = 5.0;
				TARGETED_DEVICE_FAMILY = "1,2";
				TEST_HOST = "$(BUILT_PRODUCTS_DIR)/Mackirel.app/Mackirel";
			};
			name = Debug;
		};
		D3084E0C2655E7CD00CDB793 /* Release */ = {
			isa = XCBuildConfiguration;
			buildSettings = {
				ALWAYS_EMBED_SWIFT_STANDARD_LIBRARIES = YES;
				BUNDLE_LOADER = "$(TEST_HOST)";
				CODE_SIGN_STYLE = Automatic;
				DEVELOPMENT_TEAM = 8FH8PKCQ84;
				INFOPLIST_FILE = MackirelTests/Info.plist;
				IPHONEOS_DEPLOYMENT_TARGET = 14.4;
				LD_RUNPATH_SEARCH_PATHS = (
					"$(inherited)",
					"@executable_path/Frameworks",
					"@loader_path/Frameworks",
				);
				PRODUCT_BUNDLE_IDENTIFIER = "Lemitty-LLC.MackirelTests";
				PRODUCT_NAME = "$(TARGET_NAME)";
				SWIFT_VERSION = 5.0;
				TARGETED_DEVICE_FAMILY = "1,2";
				TEST_HOST = "$(BUILT_PRODUCTS_DIR)/Mackirel.app/Mackirel";
			};
			name = Release;
		};
		D3084E0E2655E7CD00CDB793 /* Debug */ = {
			isa = XCBuildConfiguration;
			buildSettings = {
				ALWAYS_EMBED_SWIFT_STANDARD_LIBRARIES = YES;
				CODE_SIGN_STYLE = Automatic;
				DEVELOPMENT_TEAM = 8FH8PKCQ84;
				INFOPLIST_FILE = MackirelUITests/Info.plist;
				LD_RUNPATH_SEARCH_PATHS = (
					"$(inherited)",
					"@executable_path/Frameworks",
					"@loader_path/Frameworks",
				);
				PRODUCT_BUNDLE_IDENTIFIER = "Lemitty-LLC.MackirelUITests";
				PRODUCT_NAME = "$(TARGET_NAME)";
				SWIFT_VERSION = 5.0;
				TARGETED_DEVICE_FAMILY = "1,2";
				TEST_TARGET_NAME = Mackirel;
			};
			name = Debug;
		};
		D3084E0F2655E7CD00CDB793 /* Release */ = {
			isa = XCBuildConfiguration;
			buildSettings = {
				ALWAYS_EMBED_SWIFT_STANDARD_LIBRARIES = YES;
				CODE_SIGN_STYLE = Automatic;
				DEVELOPMENT_TEAM = 8FH8PKCQ84;
				INFOPLIST_FILE = MackirelUITests/Info.plist;
				LD_RUNPATH_SEARCH_PATHS = (
					"$(inherited)",
					"@executable_path/Frameworks",
					"@loader_path/Frameworks",
				);
				PRODUCT_BUNDLE_IDENTIFIER = "Lemitty-LLC.MackirelUITests";
				PRODUCT_NAME = "$(TARGET_NAME)";
				SWIFT_VERSION = 5.0;
				TARGETED_DEVICE_FAMILY = "1,2";
				TEST_TARGET_NAME = Mackirel;
			};
			name = Release;
		};
/* End XCBuildConfiguration section */

/* Begin XCConfigurationList section */
		D3084DD82655E7C500CDB793 /* Build configuration list for PBXProject "Mackirel" */ = {
			isa = XCConfigurationList;
			buildConfigurations = (
				D3084E052655E7CD00CDB793 /* Debug */,
				D3084E062655E7CD00CDB793 /* Release */,
			);
			defaultConfigurationIsVisible = 0;
			defaultConfigurationName = Release;
		};
		D3084E072655E7CD00CDB793 /* Build configuration list for PBXNativeTarget "Mackirel" */ = {
			isa = XCConfigurationList;
			buildConfigurations = (
				D3084E082655E7CD00CDB793 /* Debug */,
				D3084E092655E7CD00CDB793 /* Release */,
			);
			defaultConfigurationIsVisible = 0;
			defaultConfigurationName = Release;
		};
		D3084E0A2655E7CD00CDB793 /* Build configuration list for PBXNativeTarget "MackirelTests" */ = {
			isa = XCConfigurationList;
			buildConfigurations = (
				D3084E0B2655E7CD00CDB793 /* Debug */,
				D3084E0C2655E7CD00CDB793 /* Release */,
			);
			defaultConfigurationIsVisible = 0;
			defaultConfigurationName = Release;
		};
		D3084E0D2655E7CD00CDB793 /* Build configuration list for PBXNativeTarget "MackirelUITests" */ = {
			isa = XCConfigurationList;
			buildConfigurations = (
				D3084E0E2655E7CD00CDB793 /* Debug */,
				D3084E0F2655E7CD00CDB793 /* Release */,
			);
			defaultConfigurationIsVisible = 0;
			defaultConfigurationName = Release;
		};
/* End XCConfigurationList section */
	};
	rootObject = D3084DD52655E7C500CDB793 /* Project object */;
}
